// !$*UTF8*$!
{
	archiveVersion = 1;
	classes = {
	};
	objectVersion = 55;
	objects = {

/* Begin PBXBuildFile section */
		1A1AACCF297D521200DEFD7B /* UserDataModel.swift in Sources */ = {isa = PBXBuildFile; fileRef = 1A1AACCE297D521200DEFD7B /* UserDataModel.swift */; };
		1A6019EA297FCD0600F6A2E3 /* ResponseModel.swift in Sources */ = {isa = PBXBuildFile; fileRef = 1A6019E9297FCD0600F6A2E3 /* ResponseModel.swift */; };
		1A7C9427297554E300F75D11 /* KakaoSDKCommon.framework in Frameworks */ = {isa = PBXBuildFile; fileRef = 1A7C9426297554E300F75D11 /* KakaoSDKCommon.framework */; };
		1A7E458D2970548000D44501 /* passwordFindViewController.swift in Sources */ = {isa = PBXBuildFile; fileRef = 1A7E458C2970548000D44501 /* passwordFindViewController.swift */; };
		1A9AD7F7296EE46F0095635A /* JoinViewController.swift in Sources */ = {isa = PBXBuildFile; fileRef = 1A9AD7F6296EE46F0095635A /* JoinViewController.swift */; };
		1ADACDD02976AF2000C4447E /* wordViewController.swift in Sources */ = {isa = PBXBuildFile; fileRef = 1ADACDCF2976AF2000C4447E /* wordViewController.swift */; };
		1AE0168829757C770021AD6B /* nicknameViewController.swift in Sources */ = {isa = PBXBuildFile; fileRef = 1AE0168729757C770021AD6B /* nicknameViewController.swift */; };
		1AE67E56296C38AA001EB002 /* AppDelegate.swift in Sources */ = {isa = PBXBuildFile; fileRef = 1AE67E55296C38AA001EB002 /* AppDelegate.swift */; };
		1AE67E58296C38AA001EB002 /* SceneDelegate.swift in Sources */ = {isa = PBXBuildFile; fileRef = 1AE67E57296C38AA001EB002 /* SceneDelegate.swift */; };
		1AE67E5A296C38AA001EB002 /* ViewController.swift in Sources */ = {isa = PBXBuildFile; fileRef = 1AE67E59296C38AA001EB002 /* ViewController.swift */; };
		1AE67E5D296C38AA001EB002 /* Main.storyboard in Resources */ = {isa = PBXBuildFile; fileRef = 1AE67E5B296C38AA001EB002 /* Main.storyboard */; };
		1AE67E5F296C38AE001EB002 /* Assets.xcassets in Resources */ = {isa = PBXBuildFile; fileRef = 1AE67E5E296C38AE001EB002 /* Assets.xcassets */; };
		1AE67E62296C38AE001EB002 /* LaunchScreen.storyboard in Resources */ = {isa = PBXBuildFile; fileRef = 1AE67E60296C38AE001EB002 /* LaunchScreen.storyboard */; };
		1AF0472B2981463E0046DD55 /* UIColorExtension.swift in Sources */ = {isa = PBXBuildFile; fileRef = 1AF0472A2981463E0046DD55 /* UIColorExtension.swift */; };
		1AF0472D298148A50046DD55 /* GetMsgDataManager.swift in Sources */ = {isa = PBXBuildFile; fileRef = 1AF0472C298148A50046DD55 /* GetMsgDataManager.swift */; };
		1AF0472F298179B90046DD55 /* PostDataManager.swift in Sources */ = {isa = PBXBuildFile; fileRef = 1AF0472E298179B90046DD55 /* PostDataManager.swift */; };
		1AF23BF9296D74DC00D9F0C2 /* LoginFirstViewController.swift in Sources */ = {isa = PBXBuildFile; fileRef = 1AF23BF8296D74DC00D9F0C2 /* LoginFirstViewController.swift */; };
		B56A8A2DAF6A1DF3A189F58C /* Pods_Better_me.framework in Frameworks */ = {isa = PBXBuildFile; fileRef = 8E2A1DE08EDD563D7EB9678C /* Pods_Better_me.framework */; };
/* End PBXBuildFile section */

/* Begin PBXFileReference section */
		1A1AACCE297D521200DEFD7B /* UserDataModel.swift */ = {isa = PBXFileReference; lastKnownFileType = sourcecode.swift; path = UserDataModel.swift; sourceTree = "<group>"; };
		1A1DFCA129795B8F00826D95 /* Better me.app */ = {isa = PBXFileReference; explicitFileType = wrapper.application; includeInIndex = 0; path = "Better me.app"; sourceTree = BUILT_PRODUCTS_DIR; };
		1A6019E9297FCD0600F6A2E3 /* ResponseModel.swift */ = {isa = PBXFileReference; lastKnownFileType = sourcecode.swift; path = ResponseModel.swift; sourceTree = "<group>"; };
		1A6019EB2980425B00F6A2E3 /* Better me.entitlements */ = {isa = PBXFileReference; lastKnownFileType = text.plist.entitlements; path = "Better me.entitlements"; sourceTree = "<group>"; };
		1A7C94022975540900F75D11 /* KakaoSDKCommon.framework */ = {isa = PBXFileReference; explicitFileType = wrapper.framework; path = KakaoSDKCommon.framework; sourceTree = BUILT_PRODUCTS_DIR; };
		1A7C94052975541200F75D11 /* KakaoSDKUser.framework */ = {isa = PBXFileReference; explicitFileType = wrapper.framework; path = KakaoSDKUser.framework; sourceTree = BUILT_PRODUCTS_DIR; };
		1A7C94082975542B00F75D11 /* KakaoSDKAuth.framework */ = {isa = PBXFileReference; explicitFileType = wrapper.framework; path = KakaoSDKAuth.framework; sourceTree = BUILT_PRODUCTS_DIR; };
		1A7C94092975542B00F75D11 /* KakaoSDKCommon.framework */ = {isa = PBXFileReference; explicitFileType = wrapper.framework; path = KakaoSDKCommon.framework; sourceTree = BUILT_PRODUCTS_DIR; };
		1A7C940A2975542B00F75D11 /* KakaoSDKFriend.xcframework */ = {isa = PBXFileReference; lastKnownFileType = wrapper.xcframework; name = KakaoSDKFriend.xcframework; path = Pods/KakaoSDKFriend/sources/KakaoSDKFriend/KakaoSDKFriend.xcframework; sourceTree = "<group>"; };
		1A7C940B2975542B00F75D11 /* KakaoSDKNavi.framework */ = {isa = PBXFileReference; explicitFileType = wrapper.framework; path = KakaoSDKNavi.framework; sourceTree = BUILT_PRODUCTS_DIR; };
		1A7C940C2975542B00F75D11 /* KakaoSDKShare.framework */ = {isa = PBXFileReference; explicitFileType = wrapper.framework; path = KakaoSDKShare.framework; sourceTree = BUILT_PRODUCTS_DIR; };
		1A7C940D2975542B00F75D11 /* KakaoSDKStory.framework */ = {isa = PBXFileReference; explicitFileType = wrapper.framework; path = KakaoSDKStory.framework; sourceTree = BUILT_PRODUCTS_DIR; };
		1A7C940E2975542B00F75D11 /* KakaoSDKTalk.framework */ = {isa = PBXFileReference; explicitFileType = wrapper.framework; path = KakaoSDKTalk.framework; sourceTree = BUILT_PRODUCTS_DIR; };
		1A7C940F2975542B00F75D11 /* KakaoSDKTemplate.framework */ = {isa = PBXFileReference; explicitFileType = wrapper.framework; path = KakaoSDKTemplate.framework; sourceTree = BUILT_PRODUCTS_DIR; };
		1A7C94102975542B00F75D11 /* KakaoSDKUser.framework */ = {isa = PBXFileReference; explicitFileType = wrapper.framework; path = KakaoSDKUser.framework; sourceTree = BUILT_PRODUCTS_DIR; };
		1A7C9426297554E300F75D11 /* KakaoSDKCommon.framework */ = {isa = PBXFileReference; explicitFileType = wrapper.framework; path = KakaoSDKCommon.framework; sourceTree = BUILT_PRODUCTS_DIR; };
		1A7E458C2970548000D44501 /* passwordFindViewController.swift */ = {isa = PBXFileReference; lastKnownFileType = sourcecode.swift; path = passwordFindViewController.swift; sourceTree = "<group>"; };
		1A9AD7F6296EE46F0095635A /* JoinViewController.swift */ = {isa = PBXFileReference; lastKnownFileType = sourcecode.swift; path = JoinViewController.swift; sourceTree = "<group>"; };
		1ADACDCF2976AF2000C4447E /* wordViewController.swift */ = {isa = PBXFileReference; lastKnownFileType = sourcecode.swift; path = wordViewController.swift; sourceTree = SOURCE_ROOT; };
		1AE0168729757C770021AD6B /* nicknameViewController.swift */ = {isa = PBXFileReference; lastKnownFileType = sourcecode.swift; path = nicknameViewController.swift; sourceTree = "<group>"; };
		1AE67E55296C38AA001EB002 /* AppDelegate.swift */ = {isa = PBXFileReference; lastKnownFileType = sourcecode.swift; path = AppDelegate.swift; sourceTree = "<group>"; };
		1AE67E57296C38AA001EB002 /* SceneDelegate.swift */ = {isa = PBXFileReference; lastKnownFileType = sourcecode.swift; path = SceneDelegate.swift; sourceTree = "<group>"; };
		1AE67E59296C38AA001EB002 /* ViewController.swift */ = {isa = PBXFileReference; lastKnownFileType = sourcecode.swift; path = ViewController.swift; sourceTree = "<group>"; };
		1AE67E5C296C38AA001EB002 /* Base */ = {isa = PBXFileReference; lastKnownFileType = file.storyboard; name = Base; path = Base.lproj/Main.storyboard; sourceTree = "<group>"; };
		1AE67E5E296C38AE001EB002 /* Assets.xcassets */ = {isa = PBXFileReference; lastKnownFileType = folder.assetcatalog; path = Assets.xcassets; sourceTree = "<group>"; };
		1AE67E61296C38AE001EB002 /* Base */ = {isa = PBXFileReference; lastKnownFileType = file.storyboard; name = Base; path = Base.lproj/LaunchScreen.storyboard; sourceTree = "<group>"; };
		1AE67E63296C38AE001EB002 /* Info.plist */ = {isa = PBXFileReference; lastKnownFileType = text.plist.xml; path = Info.plist; sourceTree = "<group>"; };
		1AF0472A2981463E0046DD55 /* UIColorExtension.swift */ = {isa = PBXFileReference; lastKnownFileType = sourcecode.swift; path = UIColorExtension.swift; sourceTree = "<group>"; };
		1AF0472C298148A50046DD55 /* GetMsgDataManager.swift */ = {isa = PBXFileReference; lastKnownFileType = sourcecode.swift; path = GetMsgDataManager.swift; sourceTree = "<group>"; };
		1AF0472E298179B90046DD55 /* PostDataManager.swift */ = {isa = PBXFileReference; lastKnownFileType = sourcecode.swift; path = PostDataManager.swift; sourceTree = "<group>"; };
		1AF23BF8296D74DC00D9F0C2 /* LoginFirstViewController.swift */ = {isa = PBXFileReference; lastKnownFileType = sourcecode.swift; path = LoginFirstViewController.swift; sourceTree = "<group>"; };
		1DB7DCF92722BE8409F0ABD8 /* Pods-Better me.release.xcconfig */ = {isa = PBXFileReference; includeInIndex = 1; lastKnownFileType = text.xcconfig; name = "Pods-Better me.release.xcconfig"; path = "Target Support Files/Pods-Better me/Pods-Better me.release.xcconfig"; sourceTree = "<group>"; };
		8E2A1DE08EDD563D7EB9678C /* Pods_Better_me.framework */ = {isa = PBXFileReference; explicitFileType = wrapper.framework; includeInIndex = 0; path = Pods_Better_me.framework; sourceTree = BUILT_PRODUCTS_DIR; };
		91E0106BE052247D1A23BCDF /* Pods-Better me.release.xcconfig */ = {isa = PBXFileReference; includeInIndex = 1; lastKnownFileType = text.xcconfig; name = "Pods-Better me.release.xcconfig"; path = "Target Support Files/Pods-Better me/Pods-Better me.release.xcconfig"; sourceTree = "<group>"; };
		945B3916B6904E6B3377E111 /* Pods-Better me.debug.xcconfig */ = {isa = PBXFileReference; includeInIndex = 1; lastKnownFileType = text.xcconfig; name = "Pods-Better me.debug.xcconfig"; path = "Target Support Files/Pods-Better me/Pods-Better me.debug.xcconfig"; sourceTree = "<group>"; };
		967947A072304D7C02D5465C /* Pods-Better me.debug.xcconfig */ = {isa = PBXFileReference; includeInIndex = 1; lastKnownFileType = text.xcconfig; name = "Pods-Better me.debug.xcconfig"; path = "Target Support Files/Pods-Better me/Pods-Better me.debug.xcconfig"; sourceTree = "<group>"; };
		A95EDB5633ED43B28B451D00 /* Pods_login.framework */ = {isa = PBXFileReference; explicitFileType = wrapper.framework; includeInIndex = 0; path = Pods_login.framework; sourceTree = BUILT_PRODUCTS_DIR; };
/* End PBXFileReference section */

/* Begin PBXFrameworksBuildPhase section */
		1AE67E4F296C38AA001EB002 /* Frameworks */ = {
			isa = PBXFrameworksBuildPhase;
			buildActionMask = 2147483647;
			files = (
				1A7C9427297554E300F75D11 /* KakaoSDKCommon.framework in Frameworks */,
				B56A8A2DAF6A1DF3A189F58C /* Pods_Better_me.framework in Frameworks */,
			);
			runOnlyForDeploymentPostprocessing = 0;
		};
/* End PBXFrameworksBuildPhase section */

/* Begin PBXGroup section */
		1AE67E49296C38AA001EB002 = {
			isa = PBXGroup;
			children = (
				1AF0472E298179B90046DD55 /* PostDataManager.swift */,
				1AF0472C298148A50046DD55 /* GetMsgDataManager.swift */,
				1A6019E9297FCD0600F6A2E3 /* ResponseModel.swift */,
				1A1AACCE297D521200DEFD7B /* UserDataModel.swift */,
				1AF23BF8296D74DC00D9F0C2 /* LoginFirstViewController.swift */,
				1A9AD7F6296EE46F0095635A /* JoinViewController.swift */,
				1AF0472A2981463E0046DD55 /* UIColorExtension.swift */,
				1A7E458C2970548000D44501 /* passwordFindViewController.swift */,
				1ADACDCF2976AF2000C4447E /* wordViewController.swift */,
				1AE0168729757C770021AD6B /* nicknameViewController.swift */,
				1AE67E54296C38AA001EB002 /* Better me */,
				4C3B962D69B587BEDD212B50 /* Pods */,
				AEB4580784F755F006F9E329 /* Frameworks */,
				1A1DFCA129795B8F00826D95 /* Better me.app */,
			);
			sourceTree = "<group>";
		};
		1AE67E54296C38AA001EB002 /* Better me */ = {
			isa = PBXGroup;
			children = (
				1A6019EB2980425B00F6A2E3 /* Better me.entitlements */,
				1AE67E55296C38AA001EB002 /* AppDelegate.swift */,
				1AE67E57296C38AA001EB002 /* SceneDelegate.swift */,
				1AE67E59296C38AA001EB002 /* ViewController.swift */,
				1AE67E5B296C38AA001EB002 /* Main.storyboard */,
				1AE67E5E296C38AE001EB002 /* Assets.xcassets */,
				1AE67E60296C38AE001EB002 /* LaunchScreen.storyboard */,
				1AE67E63296C38AE001EB002 /* Info.plist */,
			);
			path = "Better me";
			sourceTree = "<group>";
		};
		4C3B962D69B587BEDD212B50 /* Pods */ = {
			isa = PBXGroup;
			children = (
				945B3916B6904E6B3377E111 /* Pods-Better me.debug.xcconfig */,
				1DB7DCF92722BE8409F0ABD8 /* Pods-Better me.release.xcconfig */,
				967947A072304D7C02D5465C /* Pods-Better me.debug.xcconfig */,
				91E0106BE052247D1A23BCDF /* Pods-Better me.release.xcconfig */,
			);
			path = Pods;
			sourceTree = "<group>";
		};
		AEB4580784F755F006F9E329 /* Frameworks */ = {
			isa = PBXGroup;
			children = (
				1A7C9426297554E300F75D11 /* KakaoSDKCommon.framework */,
				1A7C94082975542B00F75D11 /* KakaoSDKAuth.framework */,
				1A7C94092975542B00F75D11 /* KakaoSDKCommon.framework */,
				1A7C940A2975542B00F75D11 /* KakaoSDKFriend.xcframework */,
				1A7C940B2975542B00F75D11 /* KakaoSDKNavi.framework */,
				1A7C940C2975542B00F75D11 /* KakaoSDKShare.framework */,
				1A7C940D2975542B00F75D11 /* KakaoSDKStory.framework */,
				1A7C940E2975542B00F75D11 /* KakaoSDKTalk.framework */,
				1A7C940F2975542B00F75D11 /* KakaoSDKTemplate.framework */,
				1A7C94102975542B00F75D11 /* KakaoSDKUser.framework */,
				1A7C94052975541200F75D11 /* KakaoSDKUser.framework */,
				1A7C94022975540900F75D11 /* KakaoSDKCommon.framework */,
				A95EDB5633ED43B28B451D00 /* Pods_login.framework */,
				8E2A1DE08EDD563D7EB9678C /* Pods_Better_me.framework */,
			);
			name = Frameworks;
			sourceTree = "<group>";
		};
/* End PBXGroup section */

/* Begin PBXNativeTarget section */
		1AE67E51296C38AA001EB002 /* Better me */ = {
			isa = PBXNativeTarget;
			buildConfigurationList = 1AE67E66296C38AE001EB002 /* Build configuration list for PBXNativeTarget "Better me" */;
			buildPhases = (
				4FF5951ACDA8E5F879331BC3 /* [CP] Check Pods Manifest.lock */,
				1AE67E4E296C38AA001EB002 /* Sources */,
				1AE67E4F296C38AA001EB002 /* Frameworks */,
				1AE67E50296C38AA001EB002 /* Resources */,
				DCCD99521FEC29B1EB826060 /* [CP] Embed Pods Frameworks */,
			);
			buildRules = (
			);
			dependencies = (
			);
			name = "Better me";
			productName = login;
			productReference = 1A1DFCA129795B8F00826D95 /* Better me.app */;
			productType = "com.apple.product-type.application";
		};
/* End PBXNativeTarget section */

/* Begin PBXProject section */
		1AE67E4A296C38AA001EB002 /* Project object */ = {
			isa = PBXProject;
			attributes = {
				BuildIndependentTargetsInParallel = 1;
				LastSwiftUpdateCheck = 1340;
				LastUpgradeCheck = 1340;
				TargetAttributes = {
					1AE67E51296C38AA001EB002 = {
						CreatedOnToolsVersion = 13.4.1;
					};
				};
			};
			buildConfigurationList = 1AE67E4D296C38AA001EB002 /* Build configuration list for PBXProject "Better me" */;
			compatibilityVersion = "Xcode 13.0";
			developmentRegion = en;
			hasScannedForEncodings = 0;
			knownRegions = (
				en,
				Base,
			);
			mainGroup = 1AE67E49296C38AA001EB002;
			packageReferences = (
				1A7C943929755A9700F75D11 /* XCRemoteSwiftPackageReference "kakao-ios-sdk" */,
			);
			productRefGroup = 1AE67E49296C38AA001EB002;
			projectDirPath = "";
			projectRoot = "";
			targets = (
				1AE67E51296C38AA001EB002 /* Better me */,
			);
		};
/* End PBXProject section */

/* Begin PBXResourcesBuildPhase section */
		1AE67E50296C38AA001EB002 /* Resources */ = {
			isa = PBXResourcesBuildPhase;
			buildActionMask = 2147483647;
			files = (
				1AE67E62296C38AE001EB002 /* LaunchScreen.storyboard in Resources */,
				1AE67E5F296C38AE001EB002 /* Assets.xcassets in Resources */,
				1AE67E5D296C38AA001EB002 /* Main.storyboard in Resources */,
			);
			runOnlyForDeploymentPostprocessing = 0;
		};
/* End PBXResourcesBuildPhase section */

/* Begin PBXShellScriptBuildPhase section */
		4FF5951ACDA8E5F879331BC3 /* [CP] Check Pods Manifest.lock */ = {
			isa = PBXShellScriptBuildPhase;
			buildActionMask = 2147483647;
			files = (
			);
			inputFileListPaths = (
			);
			inputPaths = (
				"${PODS_PODFILE_DIR_PATH}/Podfile.lock",
				"${PODS_ROOT}/Manifest.lock",
			);
			name = "[CP] Check Pods Manifest.lock";
			outputFileListPaths = (
			);
			outputPaths = (
				"$(DERIVED_FILE_DIR)/Pods-Better me-checkManifestLockResult.txt",
			);
			runOnlyForDeploymentPostprocessing = 0;
			shellPath = /bin/sh;
			shellScript = "diff \"${PODS_PODFILE_DIR_PATH}/Podfile.lock\" \"${PODS_ROOT}/Manifest.lock\" > /dev/null\nif [ $? != 0 ] ; then\n    # print error to STDERR\n    echo \"error: The sandbox is not in sync with the Podfile.lock. Run 'pod install' or update your CocoaPods installation.\" >&2\n    exit 1\nfi\n# This output is used by Xcode 'outputs' to avoid re-running this script phase.\necho \"SUCCESS\" > \"${SCRIPT_OUTPUT_FILE_0}\"\n";
			showEnvVarsInLog = 0;
		};
		DCCD99521FEC29B1EB826060 /* [CP] Embed Pods Frameworks */ = {
			isa = PBXShellScriptBuildPhase;
			buildActionMask = 2147483647;
			files = (
			);
			inputFileListPaths = (
				"${PODS_ROOT}/Target Support Files/Pods-Better me/Pods-Better me-frameworks-${CONFIGURATION}-input-files.xcfilelist",
			);
			name = "[CP] Embed Pods Frameworks";
			outputFileListPaths = (
				"${PODS_ROOT}/Target Support Files/Pods-Better me/Pods-Better me-frameworks-${CONFIGURATION}-output-files.xcfilelist",
			);
			runOnlyForDeploymentPostprocessing = 0;
			shellPath = /bin/sh;
			shellScript = "\"${PODS_ROOT}/Target Support Files/Pods-Better me/Pods-Better me-frameworks.sh\"\n";
			showEnvVarsInLog = 0;
		};
/* End PBXShellScriptBuildPhase section */

/* Begin PBXSourcesBuildPhase section */
		1AE67E4E296C38AA001EB002 /* Sources */ = {
			isa = PBXSourcesBuildPhase;
			buildActionMask = 2147483647;
			files = (
				1A7E458D2970548000D44501 /* passwordFindViewController.swift in Sources */,
				1AE67E5A296C38AA001EB002 /* ViewController.swift in Sources */,
				1A6019EA297FCD0600F6A2E3 /* ResponseModel.swift in Sources */,
				1AF23BF9296D74DC00D9F0C2 /* LoginFirstViewController.swift in Sources */,
				1AF0472F298179B90046DD55 /* PostDataManager.swift in Sources */,
				1AE67E56296C38AA001EB002 /* AppDelegate.swift in Sources */,
				1AE0168829757C770021AD6B /* nicknameViewController.swift in Sources */,
				1A9AD7F7296EE46F0095635A /* JoinViewController.swift in Sources */,
				1A1AACCF297D521200DEFD7B /* UserDataModel.swift in Sources */,
				1AF0472D298148A50046DD55 /* GetMsgDataManager.swift in Sources */,
				1AF0472B2981463E0046DD55 /* UIColorExtension.swift in Sources */,
				1ADACDD02976AF2000C4447E /* wordViewController.swift in Sources */,
				1AE67E58296C38AA001EB002 /* SceneDelegate.swift in Sources */,
			);
			runOnlyForDeploymentPostprocessing = 0;
		};
/* End PBXSourcesBuildPhase section */

/* Begin PBXVariantGroup section */
		1AE67E5B296C38AA001EB002 /* Main.storyboard */ = {
			isa = PBXVariantGroup;
			children = (
				1AE67E5C296C38AA001EB002 /* Base */,
			);
			name = Main.storyboard;
			sourceTree = "<group>";
		};
		1AE67E60296C38AE001EB002 /* LaunchScreen.storyboard */ = {
			isa = PBXVariantGroup;
			children = (
				1AE67E61296C38AE001EB002 /* Base */,
			);
			name = LaunchScreen.storyboard;
			sourceTree = "<group>";
		};
/* End PBXVariantGroup section */

/* Begin XCBuildConfiguration section */
		1AE67E64296C38AE001EB002 /* Debug */ = {
			isa = XCBuildConfiguration;
			buildSettings = {
				ALWAYS_SEARCH_USER_PATHS = NO;
				CLANG_ANALYZER_NONNULL = YES;
				CLANG_ANALYZER_NUMBER_OBJECT_CONVERSION = YES_AGGRESSIVE;
				CLANG_CXX_LANGUAGE_STANDARD = "gnu++17";
				CLANG_ENABLE_MODULES = YES;
				CLANG_ENABLE_OBJC_ARC = YES;
				CLANG_ENABLE_OBJC_WEAK = YES;
				CLANG_WARN_BLOCK_CAPTURE_AUTORELEASING = YES;
				CLANG_WARN_BOOL_CONVERSION = YES;
				CLANG_WARN_COMMA = YES;
				CLANG_WARN_CONSTANT_CONVERSION = YES;
				CLANG_WARN_DEPRECATED_OBJC_IMPLEMENTATIONS = YES;
				CLANG_WARN_DIRECT_OBJC_ISA_USAGE = YES_ERROR;
				CLANG_WARN_DOCUMENTATION_COMMENTS = YES;
				CLANG_WARN_EMPTY_BODY = YES;
				CLANG_WARN_ENUM_CONVERSION = YES;
				CLANG_WARN_INFINITE_RECURSION = YES;
				CLANG_WARN_INT_CONVERSION = YES;
				CLANG_WARN_NON_LITERAL_NULL_CONVERSION = YES;
				CLANG_WARN_OBJC_IMPLICIT_RETAIN_SELF = YES;
				CLANG_WARN_OBJC_LITERAL_CONVERSION = YES;
				CLANG_WARN_OBJC_ROOT_CLASS = YES_ERROR;
				CLANG_WARN_QUOTED_INCLUDE_IN_FRAMEWORK_HEADER = YES;
				CLANG_WARN_RANGE_LOOP_ANALYSIS = YES;
				CLANG_WARN_STRICT_PROTOTYPES = YES;
				CLANG_WARN_SUSPICIOUS_MOVE = YES;
				CLANG_WARN_UNGUARDED_AVAILABILITY = YES_AGGRESSIVE;
				CLANG_WARN_UNREACHABLE_CODE = YES;
				CLANG_WARN__DUPLICATE_METHOD_MATCH = YES;
				COPY_PHASE_STRIP = NO;
				DEBUG_INFORMATION_FORMAT = dwarf;
				ENABLE_STRICT_OBJC_MSGSEND = YES;
				ENABLE_TESTABILITY = YES;
				GCC_C_LANGUAGE_STANDARD = gnu11;
				GCC_DYNAMIC_NO_PIC = NO;
				GCC_NO_COMMON_BLOCKS = YES;
				GCC_OPTIMIZATION_LEVEL = 0;
				GCC_PREPROCESSOR_DEFINITIONS = (
					"DEBUG=1",
					"$(inherited)",
				);
				GCC_WARN_64_TO_32_BIT_CONVERSION = YES;
				GCC_WARN_ABOUT_RETURN_TYPE = YES_ERROR;
				GCC_WARN_UNDECLARED_SELECTOR = YES;
				GCC_WARN_UNINITIALIZED_AUTOS = YES_AGGRESSIVE;
				GCC_WARN_UNUSED_FUNCTION = YES;
				GCC_WARN_UNUSED_VARIABLE = YES;
				IPHONEOS_DEPLOYMENT_TARGET = 15.5;
				MTL_ENABLE_DEBUG_INFO = INCLUDE_SOURCE;
				MTL_FAST_MATH = YES;
				ONLY_ACTIVE_ARCH = YES;
				SDKROOT = iphoneos;
				SWIFT_ACTIVE_COMPILATION_CONDITIONS = DEBUG;
				SWIFT_OPTIMIZATION_LEVEL = "-Onone";
			};
			name = Debug;
		};
		1AE67E65296C38AE001EB002 /* Release */ = {
			isa = XCBuildConfiguration;
			buildSettings = {
				ALWAYS_SEARCH_USER_PATHS = NO;
				CLANG_ANALYZER_NONNULL = YES;
				CLANG_ANALYZER_NUMBER_OBJECT_CONVERSION = YES_AGGRESSIVE;
				CLANG_CXX_LANGUAGE_STANDARD = "gnu++17";
				CLANG_ENABLE_MODULES = YES;
				CLANG_ENABLE_OBJC_ARC = YES;
				CLANG_ENABLE_OBJC_WEAK = YES;
				CLANG_WARN_BLOCK_CAPTURE_AUTORELEASING = YES;
				CLANG_WARN_BOOL_CONVERSION = YES;
				CLANG_WARN_COMMA = YES;
				CLANG_WARN_CONSTANT_CONVERSION = YES;
				CLANG_WARN_DEPRECATED_OBJC_IMPLEMENTATIONS = YES;
				CLANG_WARN_DIRECT_OBJC_ISA_USAGE = YES_ERROR;
				CLANG_WARN_DOCUMENTATION_COMMENTS = YES;
				CLANG_WARN_EMPTY_BODY = YES;
				CLANG_WARN_ENUM_CONVERSION = YES;
				CLANG_WARN_INFINITE_RECURSION = YES;
				CLANG_WARN_INT_CONVERSION = YES;
				CLANG_WARN_NON_LITERAL_NULL_CONVERSION = YES;
				CLANG_WARN_OBJC_IMPLICIT_RETAIN_SELF = YES;
				CLANG_WARN_OBJC_LITERAL_CONVERSION = YES;
				CLANG_WARN_OBJC_ROOT_CLASS = YES_ERROR;
				CLANG_WARN_QUOTED_INCLUDE_IN_FRAMEWORK_HEADER = YES;
				CLANG_WARN_RANGE_LOOP_ANALYSIS = YES;
				CLANG_WARN_STRICT_PROTOTYPES = YES;
				CLANG_WARN_SUSPICIOUS_MOVE = YES;
				CLANG_WARN_UNGUARDED_AVAILABILITY = YES_AGGRESSIVE;
				CLANG_WARN_UNREACHABLE_CODE = YES;
				CLANG_WARN__DUPLICATE_METHOD_MATCH = YES;
				COPY_PHASE_STRIP = NO;
				DEBUG_INFORMATION_FORMAT = "dwarf-with-dsym";
				ENABLE_NS_ASSERTIONS = NO;
				ENABLE_STRICT_OBJC_MSGSEND = YES;
				GCC_C_LANGUAGE_STANDARD = gnu11;
				GCC_NO_COMMON_BLOCKS = YES;
				GCC_WARN_64_TO_32_BIT_CONVERSION = YES;
				GCC_WARN_ABOUT_RETURN_TYPE = YES_ERROR;
				GCC_WARN_UNDECLARED_SELECTOR = YES;
				GCC_WARN_UNINITIALIZED_AUTOS = YES_AGGRESSIVE;
				GCC_WARN_UNUSED_FUNCTION = YES;
				GCC_WARN_UNUSED_VARIABLE = YES;
				IPHONEOS_DEPLOYMENT_TARGET = 15.5;
				MTL_ENABLE_DEBUG_INFO = NO;
				MTL_FAST_MATH = YES;
				SDKROOT = iphoneos;
				SWIFT_COMPILATION_MODE = wholemodule;
				SWIFT_OPTIMIZATION_LEVEL = "-O";
				VALIDATE_PRODUCT = YES;
			};
			name = Release;
		};
		1AE67E67296C38AE001EB002 /* Debug */ = {
			isa = XCBuildConfiguration;
			baseConfigurationReference = 967947A072304D7C02D5465C /* Pods-Better me.debug.xcconfig */;
			buildSettings = {
				ASSETCATALOG_COMPILER_APPICON_NAME = AppIcon;
				ASSETCATALOG_COMPILER_GLOBAL_ACCENT_COLOR_NAME = AccentColor;
				CODE_SIGN_ENTITLEMENTS = "Better me/Better me.entitlements";
				CODE_SIGN_STYLE = Automatic;
				CURRENT_PROJECT_VERSION = 1;
				GENERATE_INFOPLIST_FILE = YES;
				INFOPLIST_FILE = "Better me/Info.plist";
				INFOPLIST_KEY_CFBundleDisplayName = "Better me";
				INFOPLIST_KEY_UIApplicationSupportsIndirectInputEvents = YES;
				INFOPLIST_KEY_UILaunchStoryboardName = LaunchScreen;
				INFOPLIST_KEY_UIMainStoryboardFile = Main;
				INFOPLIST_KEY_UISupportedInterfaceOrientations_iPad = "UIInterfaceOrientationPortrait UIInterfaceOrientationPortraitUpsideDown UIInterfaceOrientationLandscapeLeft UIInterfaceOrientationLandscapeRight";
				INFOPLIST_KEY_UISupportedInterfaceOrientations_iPhone = "UIInterfaceOrientationPortrait UIInterfaceOrientationLandscapeLeft UIInterfaceOrientationLandscapeRight";
				LD_RUNPATH_SEARCH_PATHS = (
					"$(inherited)",
					"@executable_path/Frameworks",
				);
				MARKETING_VERSION = 1.0;
				PRODUCT_BUNDLE_IDENTIFIER = com.SHIMYJ.login;
				PRODUCT_NAME = "$(TARGET_NAME)";
				SWIFT_EMIT_LOC_STRINGS = YES;
				SWIFT_VERSION = 5.0;
				TARGETED_DEVICE_FAMILY = "1,2";
			};
			name = Debug;
		};
		1AE67E68296C38AE001EB002 /* Release */ = {
			isa = XCBuildConfiguration;
			baseConfigurationReference = 91E0106BE052247D1A23BCDF /* Pods-Better me.release.xcconfig */;
			buildSettings = {
				ASSETCATALOG_COMPILER_APPICON_NAME = AppIcon;
				ASSETCATALOG_COMPILER_GLOBAL_ACCENT_COLOR_NAME = AccentColor;
				CODE_SIGN_ENTITLEMENTS = "Better me/Better me.entitlements";
				CODE_SIGN_STYLE = Automatic;
				CURRENT_PROJECT_VERSION = 1;
				GENERATE_INFOPLIST_FILE = YES;
				INFOPLIST_FILE = "Better me/Info.plist";
				INFOPLIST_KEY_CFBundleDisplayName = "Better me";
				INFOPLIST_KEY_UIApplicationSupportsIndirectInputEvents = YES;
				INFOPLIST_KEY_UILaunchStoryboardName = LaunchScreen;
				INFOPLIST_KEY_UIMainStoryboardFile = Main;
				INFOPLIST_KEY_UISupportedInterfaceOrientations_iPad = "UIInterfaceOrientationPortrait UIInterfaceOrientationPortraitUpsideDown UIInterfaceOrientationLandscapeLeft UIInterfaceOrientationLandscapeRight";
				INFOPLIST_KEY_UISupportedInterfaceOrientations_iPhone = "UIInterfaceOrientationPortrait UIInterfaceOrientationLandscapeLeft UIInterfaceOrientationLandscapeRight";
				LD_RUNPATH_SEARCH_PATHS = (
					"$(inherited)",
					"@executable_path/Frameworks",
				);
				MARKETING_VERSION = 1.0;
				PRODUCT_BUNDLE_IDENTIFIER = com.SHIMYJ.login;
				PRODUCT_NAME = "$(TARGET_NAME)";
				SWIFT_EMIT_LOC_STRINGS = YES;
				SWIFT_VERSION = 5.0;
				TARGETED_DEVICE_FAMILY = "1,2";
			};
			name = Release;
		};
/* End XCBuildConfiguration section */

/* Begin XCConfigurationList section */
		1AE67E4D296C38AA001EB002 /* Build configuration list for PBXProject "Better me" */ = {
			isa = XCConfigurationList;
			buildConfigurations = (
				1AE67E64296C38AE001EB002 /* Debug */,
				1AE67E65296C38AE001EB002 /* Release */,
			);
			defaultConfigurationIsVisible = 0;
			defaultConfigurationName = Release;
		};
		1AE67E66296C38AE001EB002 /* Build configuration list for PBXNativeTarget "Better me" */ = {
			isa = XCConfigurationList;
			buildConfigurations = (
				1AE67E67296C38AE001EB002 /* Debug */,
				1AE67E68296C38AE001EB002 /* Release */,
			);
			defaultConfigurationIsVisible = 0;
			defaultConfigurationName = Release;
		};
/* End XCConfigurationList section */

/* Begin XCRemoteSwiftPackageReference section */
		1A7C943929755A9700F75D11 /* XCRemoteSwiftPackageReference "kakao-ios-sdk" */ = {
			isa = XCRemoteSwiftPackageReference;
			repositoryURL = "https://github.com/kakao/kakao-ios-sdk";
			requirement = {
				branch = master;
				kind = branch;
			};
		};
/* End XCRemoteSwiftPackageReference section */
	};
	rootObject = 1AE67E4A296C38AA001EB002 /* Project object */;
}
