// !$*UTF8*$!
{
	archiveVersion = 1;
	classes = {
	};
	objectVersion = 56;
	objects = {

/* Begin PBXBuildFile section */
		1ADA5F372994DFD900FE90AD /* LoginFirstViewController.swift in Sources */ = {isa = PBXBuildFile; fileRef = 1ADA5F292994DFD900FE90AD /* LoginFirstViewController.swift */; };
		1ADA5F382994DFD900FE90AD /* UIColorExtension.swift in Sources */ = {isa = PBXBuildFile; fileRef = 1ADA5F2A2994DFD900FE90AD /* UIColorExtension.swift */; };
		1ADA5F392994DFD900FE90AD /* JoinViewController.swift in Sources */ = {isa = PBXBuildFile; fileRef = 1ADA5F2B2994DFD900FE90AD /* JoinViewController.swift */; };
		1ADA5F3A2994DFD900FE90AD /* MainViewController.swift in Sources */ = {isa = PBXBuildFile; fileRef = 1ADA5F2C2994DFD900FE90AD /* MainViewController.swift */; };
		1ADA5F3B2994DFD900FE90AD /* passwordFindViewController.swift in Sources */ = {isa = PBXBuildFile; fileRef = 1ADA5F2D2994DFD900FE90AD /* passwordFindViewController.swift */; };
		1ADA5F3C2994DFD900FE90AD /* nicknameViewController.swift in Sources */ = {isa = PBXBuildFile; fileRef = 1ADA5F2E2994DFD900FE90AD /* nicknameViewController.swift */; };
		1ADA5F3D2994DFD900FE90AD /* wordViewController.swift in Sources */ = {isa = PBXBuildFile; fileRef = 1ADA5F2F2994DFD900FE90AD /* wordViewController.swift */; };
		1ADA5F3E2994DFD900FE90AD /* ResponseModel.swift in Sources */ = {isa = PBXBuildFile; fileRef = 1ADA5F312994DFD900FE90AD /* ResponseModel.swift */; };
		1ADA5F3F2994DFD900FE90AD /* LoginModel.swift in Sources */ = {isa = PBXBuildFile; fileRef = 1ADA5F322994DFD900FE90AD /* LoginModel.swift */; };
		1ADA5F402994DFD900FE90AD /* PostDataManager.swift in Sources */ = {isa = PBXBuildFile; fileRef = 1ADA5F332994DFD900FE90AD /* PostDataManager.swift */; };
		1ADA5F412994DFD900FE90AD /* UserDataModel.swift in Sources */ = {isa = PBXBuildFile; fileRef = 1ADA5F342994DFD900FE90AD /* UserDataModel.swift */; };
		1ADA5F422994DFD900FE90AD /* GetUserIdxModel.swift in Sources */ = {isa = PBXBuildFile; fileRef = 1ADA5F352994DFD900FE90AD /* GetUserIdxModel.swift */; };
		1ADA5F432994DFD900FE90AD /* GetMsgDataManager.swift in Sources */ = {isa = PBXBuildFile; fileRef = 1ADA5F362994DFD900FE90AD /* GetMsgDataManager.swift */; };
		280F5E5A2983B25F000A30B3 /* MyPageTableHeaderView.swift in Sources */ = {isa = PBXBuildFile; fileRef = 280F5E552983B25E000A30B3 /* MyPageTableHeaderView.swift */; };
		280F5E5B2983B25F000A30B3 /* MyPageViewController.swift in Sources */ = {isa = PBXBuildFile; fileRef = 280F5E562983B25E000A30B3 /* MyPageViewController.swift */; };
		280F5E5C2983B25F000A30B3 /* MyPageCell.swift in Sources */ = {isa = PBXBuildFile; fileRef = 280F5E572983B25F000A30B3 /* MyPageCell.swift */; };
		280F5E5D2983B25F000A30B3 /* ProfileEditController.swift in Sources */ = {isa = PBXBuildFile; fileRef = 280F5E582983B25F000A30B3 /* ProfileEditController.swift */; };
		280F5E5E2983B25F000A30B3 /* PWEditController.swift in Sources */ = {isa = PBXBuildFile; fileRef = 280F5E592983B25F000A30B3 /* PWEditController.swift */; };
		282C4690299548F4006E1E13 /* PopupView in Frameworks */ = {isa = PBXBuildFile; productRef = 282C468F299548F4006E1E13 /* PopupView */; };
		282C46942997F62A006E1E13 /* ResponseStruct.swift in Sources */ = {isa = PBXBuildFile; fileRef = 282C46932997F62A006E1E13 /* ResponseStruct.swift */; };
		286F6ABC298EBD8C0089936D /* TipsData.swift in Sources */ = {isa = PBXBuildFile; fileRef = 286F6ABB298EBD8C0089936D /* TipsData.swift */; };
		2871C4FE299D00D400D02A2E /* NotificationManager.swift in Sources */ = {isa = PBXBuildFile; fileRef = 2871C4FD299D00D400D02A2E /* NotificationManager.swift */; };
		2871C501299D33DB00D02A2E /* SearchManager.swift in Sources */ = {isa = PBXBuildFile; fileRef = 2871C500299D33DB00D02A2E /* SearchManager.swift */; };
		28AAB1FF298FCBF900B58C12 /* UserDataManager.swift in Sources */ = {isa = PBXBuildFile; fileRef = 28AAB1FE298FCBF900B58C12 /* UserDataManager.swift */; };
		28AAB2012992D9CB00B58C12 /* CustomTableCellView.swift in Sources */ = {isa = PBXBuildFile; fileRef = 28AAB2002992D9CB00B58C12 /* CustomTableCellView.swift */; };
		28AAB203299395E800B58C12 /* GoodHabitTipsViewController.swift in Sources */ = {isa = PBXBuildFile; fileRef = 28AAB202299395E800B58C12 /* GoodHabitTipsViewController.swift */; };
		28B92D8B2A49EE4600F1C92B /* NewHomeViewController.swift in Sources */ = {isa = PBXBuildFile; fileRef = 28B92D8A2A49EE4600F1C92B /* NewHomeViewController.swift */; };
		28B92D8F2A49EF1400F1C92B /* HomeView.swift in Sources */ = {isa = PBXBuildFile; fileRef = 28B92D8E2A49EF1400F1C92B /* HomeView.swift */; };
		28B92D912A49F4C500F1C92B /* HomeViewModel.swift in Sources */ = {isa = PBXBuildFile; fileRef = 28B92D902A49F4C500F1C92B /* HomeViewModel.swift */; };
		28B92D932A49F83000F1C92B /* AddHabitView.swift in Sources */ = {isa = PBXBuildFile; fileRef = 28B92D922A49F83000F1C92B /* AddHabitView.swift */; };
		28B92D952A4A164F00F1C92B /* HabitDetailView.swift in Sources */ = {isa = PBXBuildFile; fileRef = 28B92D942A4A164F00F1C92B /* HabitDetailView.swift */; };
		28B92D982A4A25BE00F1C92B /* HabitCellView.swift in Sources */ = {isa = PBXBuildFile; fileRef = 28B92D972A4A25BE00F1C92B /* HabitCellView.swift */; };
		28B92D9A2A4A272200F1C92B /* Habit.swift in Sources */ = {isa = PBXBuildFile; fileRef = 28B92D992A4A272200F1C92B /* Habit.swift */; };
		28BFE250298B83A700176731 /* TipsCell.swift in Sources */ = {isa = PBXBuildFile; fileRef = 28BFE24F298B83A700176731 /* TipsCell.swift */; };
		28BFE25A298BA9CF00176731 /* BadHabitTipsViewController.swift in Sources */ = {isa = PBXBuildFile; fileRef = 28BFE259298BA6AA00176731 /* BadHabitTipsViewController.swift */; };
		28E5ABC2299906CE009EB65C /* ProfileImageDataManager.swift in Sources */ = {isa = PBXBuildFile; fileRef = 28E5ABC1299906CE009EB65C /* ProfileImageDataManager.swift */; };
		28E5ABFF299958B1009EB65C /* Alamofire in Frameworks */ = {isa = PBXBuildFile; productRef = 28AAB1FC298FC78400B58C12 /* Alamofire */; };
		28EFD4892987AE140092E210 /* MyPageTableFooterView.swift in Sources */ = {isa = PBXBuildFile; fileRef = 28EFD4882987AE140092E210 /* MyPageTableFooterView.swift */; };
		28EFD48B2987B5190092E210 /* FeedBackController.swift in Sources */ = {isa = PBXBuildFile; fileRef = 28EFD48A2987B5190092E210 /* FeedBackController.swift */; };
		28EFD48D298A3ABE0092E210 /* WithdrawalViewController.swift in Sources */ = {isa = PBXBuildFile; fileRef = 28EFD48C298A3ABE0092E210 /* WithdrawalViewController.swift */; };
		28EFD496298AA2FC0092E210 /* PushNotiViewController.swift in Sources */ = {isa = PBXBuildFile; fileRef = 28EFD495298AA2FC0092E210 /* PushNotiViewController.swift */; };
		28EFD498298AAB620092E210 /* AlertTableViewCell.swift in Sources */ = {isa = PBXBuildFile; fileRef = 28EFD497298AAB620092E210 /* AlertTableViewCell.swift */; };
		3B77F39E299CC957001F7BB3 /* HabitDisagreeModel.swift in Sources */ = {isa = PBXBuildFile; fileRef = 3B77F386299CC956001F7BB3 /* HabitDisagreeModel.swift */; };
		3B77F39F299CC957001F7BB3 /* NewPerson.swift in Sources */ = {isa = PBXBuildFile; fileRef = 3B77F387299CC956001F7BB3 /* NewPerson.swift */; };
		3B77F3A0299CC957001F7BB3 /* NewPersonModel.swift in Sources */ = {isa = PBXBuildFile; fileRef = 3B77F388299CC956001F7BB3 /* NewPersonModel.swift */; };
		3B77F3A1299CC957001F7BB3 /* Request_Friend_PostModel.swift in Sources */ = {isa = PBXBuildFile; fileRef = 3B77F389299CC956001F7BB3 /* Request_Friend_PostModel.swift */; };
		3B77F3A2299CC957001F7BB3 /* FriendDelete.swift in Sources */ = {isa = PBXBuildFile; fileRef = 3B77F38A299CC957001F7BB3 /* FriendDelete.swift */; };
		3B77F3A3299CC957001F7BB3 /* Request_Friend_Post.swift in Sources */ = {isa = PBXBuildFile; fileRef = 3B77F38B299CC957001F7BB3 /* Request_Friend_Post.swift */; };
		3B77F3A4299CC957001F7BB3 /* Request_FriendModel.swift in Sources */ = {isa = PBXBuildFile; fileRef = 3B77F38C299CC957001F7BB3 /* Request_FriendModel.swift */; };
		3B77F3A5299CC957001F7BB3 /* SearchEmail.swift in Sources */ = {isa = PBXBuildFile; fileRef = 3B77F38D299CC957001F7BB3 /* SearchEmail.swift */; };
		3B77F3A6299CC957001F7BB3 /* Agree.swift in Sources */ = {isa = PBXBuildFile; fileRef = 3B77F38E299CC957001F7BB3 /* Agree.swift */; };
		3B77F3A7299CC957001F7BB3 /* RequestStatusModel.swift in Sources */ = {isa = PBXBuildFile; fileRef = 3B77F38F299CC957001F7BB3 /* RequestStatusModel.swift */; };
		3B77F3A8299CC957001F7BB3 /* SearchName.swift in Sources */ = {isa = PBXBuildFile; fileRef = 3B77F390299CC957001F7BB3 /* SearchName.swift */; };
		3B77F3A9299CC957001F7BB3 /* SearchEmailModel.swift in Sources */ = {isa = PBXBuildFile; fileRef = 3B77F391299CC957001F7BB3 /* SearchEmailModel.swift */; };
		3B77F3AA299CC957001F7BB3 /* InviteHabitPost.swift in Sources */ = {isa = PBXBuildFile; fileRef = 3B77F392299CC957001F7BB3 /* InviteHabitPost.swift */; };
		3B77F3AB299CC957001F7BB3 /* HabitAgree.swift in Sources */ = {isa = PBXBuildFile; fileRef = 3B77F393299CC957001F7BB3 /* HabitAgree.swift */; };
		3B77F3AC299CC957001F7BB3 /* AgreeModel.swift in Sources */ = {isa = PBXBuildFile; fileRef = 3B77F394299CC957001F7BB3 /* AgreeModel.swift */; };
		3B77F3AD299CC957001F7BB3 /* SearchNameModel.swift in Sources */ = {isa = PBXBuildFile; fileRef = 3B77F395299CC957001F7BB3 /* SearchNameModel.swift */; };
		3B77F3AE299CC957001F7BB3 /* InviteHabit.swift in Sources */ = {isa = PBXBuildFile; fileRef = 3B77F396299CC957001F7BB3 /* InviteHabit.swift */; };
		3B77F3AF299CC957001F7BB3 /* InviteHabitModel.swift in Sources */ = {isa = PBXBuildFile; fileRef = 3B77F397299CC957001F7BB3 /* InviteHabitModel.swift */; };
		3B77F3B0299CC957001F7BB3 /* Request_Friend.swift in Sources */ = {isa = PBXBuildFile; fileRef = 3B77F398299CC957001F7BB3 /* Request_Friend.swift */; };
		3B77F3B1299CC957001F7BB3 /* FriendDeleteModel.swift in Sources */ = {isa = PBXBuildFile; fileRef = 3B77F399299CC957001F7BB3 /* FriendDeleteModel.swift */; };
		3B77F3B2299CC957001F7BB3 /* RequestStatus.swift in Sources */ = {isa = PBXBuildFile; fileRef = 3B77F39A299CC957001F7BB3 /* RequestStatus.swift */; };
		3B77F3B3299CC957001F7BB3 /* HabitAgreeModel.swift in Sources */ = {isa = PBXBuildFile; fileRef = 3B77F39B299CC957001F7BB3 /* HabitAgreeModel.swift */; };
		3B77F3B4299CC957001F7BB3 /* InviteHabitPostModel.swift in Sources */ = {isa = PBXBuildFile; fileRef = 3B77F39C299CC957001F7BB3 /* InviteHabitPostModel.swift */; };
		3B77F3B5299CC957001F7BB3 /* HabitDisagree.swift in Sources */ = {isa = PBXBuildFile; fileRef = 3B77F39D299CC957001F7BB3 /* HabitDisagree.swift */; };
		3B77F3B8299CC965001F7BB3 /* Person.swift in Sources */ = {isa = PBXBuildFile; fileRef = 3B77F3B6299CC965001F7BB3 /* Person.swift */; };
		3B77F3B9299CC965001F7BB3 /* PersonModel.swift in Sources */ = {isa = PBXBuildFile; fileRef = 3B77F3B7299CC965001F7BB3 /* PersonModel.swift */; };
		3B77F3BB299CC971001F7BB3 /* SwiftUIView.swift in Sources */ = {isa = PBXBuildFile; fileRef = 3B77F3BA299CC971001F7BB3 /* SwiftUIView.swift */; };
		3B77F3BD299CCB70001F7BB3 /* SocialViewController.swift in Sources */ = {isa = PBXBuildFile; fileRef = 3B77F3BC299CCB70001F7BB3 /* SocialViewController.swift */; };
		BE5F4EC4296D9E090064A93C /* Quote.swift in Sources */ = {isa = PBXBuildFile; fileRef = BE5F4EC3296D9E080064A93C /* Quote.swift */; };
		BECC4B39296C3AB60037807F /* AppDelegate.swift in Sources */ = {isa = PBXBuildFile; fileRef = BECC4B38296C3AB60037807F /* AppDelegate.swift */; };
		BECC4B3B296C3AB60037807F /* SceneDelegate.swift in Sources */ = {isa = PBXBuildFile; fileRef = BECC4B3A296C3AB60037807F /* SceneDelegate.swift */; };
		BECC4B40296C3AB60037807F /* Main.storyboard in Resources */ = {isa = PBXBuildFile; fileRef = BECC4B3E296C3AB60037807F /* Main.storyboard */; };
		BECC4B42296C3AB80037807F /* Assets.xcassets in Resources */ = {isa = PBXBuildFile; fileRef = BECC4B41296C3AB80037807F /* Assets.xcassets */; };
		BECC4B45296C3AB80037807F /* LaunchScreen.storyboard in Resources */ = {isa = PBXBuildFile; fileRef = BECC4B43296C3AB80037807F /* LaunchScreen.storyboard */; };
		D9EBCD222E907382D1A2D0FD /* Pods_Better_me_iOS.framework in Frameworks */ = {isa = PBXBuildFile; fileRef = 8A9CB66B1A0BF0FB3839524B /* Pods_Better_me_iOS.framework */; };
/* End PBXBuildFile section */

/* Begin PBXFileReference section */
		06B307C46D7BBE790ECF1FAC /* Pods-Better-me-iOS.release.xcconfig */ = {isa = PBXFileReference; includeInIndex = 1; lastKnownFileType = text.xcconfig; name = "Pods-Better-me-iOS.release.xcconfig"; path = "Target Support Files/Pods-Better-me-iOS/Pods-Better-me-iOS.release.xcconfig"; sourceTree = "<group>"; };
		1ADA5F292994DFD900FE90AD /* LoginFirstViewController.swift */ = {isa = PBXFileReference; fileEncoding = 4; lastKnownFileType = sourcecode.swift; path = LoginFirstViewController.swift; sourceTree = "<group>"; };
		1ADA5F2A2994DFD900FE90AD /* UIColorExtension.swift */ = {isa = PBXFileReference; fileEncoding = 4; lastKnownFileType = sourcecode.swift; path = UIColorExtension.swift; sourceTree = "<group>"; };
		1ADA5F2B2994DFD900FE90AD /* JoinViewController.swift */ = {isa = PBXFileReference; fileEncoding = 4; lastKnownFileType = sourcecode.swift; path = JoinViewController.swift; sourceTree = "<group>"; };
		1ADA5F2C2994DFD900FE90AD /* MainViewController.swift */ = {isa = PBXFileReference; fileEncoding = 4; lastKnownFileType = sourcecode.swift; path = MainViewController.swift; sourceTree = "<group>"; };
		1ADA5F2D2994DFD900FE90AD /* passwordFindViewController.swift */ = {isa = PBXFileReference; fileEncoding = 4; lastKnownFileType = sourcecode.swift; path = passwordFindViewController.swift; sourceTree = "<group>"; };
		1ADA5F2E2994DFD900FE90AD /* nicknameViewController.swift */ = {isa = PBXFileReference; fileEncoding = 4; lastKnownFileType = sourcecode.swift; path = nicknameViewController.swift; sourceTree = "<group>"; };
		1ADA5F2F2994DFD900FE90AD /* wordViewController.swift */ = {isa = PBXFileReference; fileEncoding = 4; lastKnownFileType = sourcecode.swift; path = wordViewController.swift; sourceTree = "<group>"; };
		1ADA5F312994DFD900FE90AD /* ResponseModel.swift */ = {isa = PBXFileReference; fileEncoding = 4; lastKnownFileType = sourcecode.swift; path = ResponseModel.swift; sourceTree = "<group>"; };
		1ADA5F322994DFD900FE90AD /* LoginModel.swift */ = {isa = PBXFileReference; fileEncoding = 4; lastKnownFileType = sourcecode.swift; path = LoginModel.swift; sourceTree = "<group>"; };
		1ADA5F332994DFD900FE90AD /* PostDataManager.swift */ = {isa = PBXFileReference; fileEncoding = 4; lastKnownFileType = sourcecode.swift; path = PostDataManager.swift; sourceTree = "<group>"; };
		1ADA5F342994DFD900FE90AD /* UserDataModel.swift */ = {isa = PBXFileReference; fileEncoding = 4; lastKnownFileType = sourcecode.swift; path = UserDataModel.swift; sourceTree = "<group>"; };
		1ADA5F352994DFD900FE90AD /* GetUserIdxModel.swift */ = {isa = PBXFileReference; fileEncoding = 4; lastKnownFileType = sourcecode.swift; path = GetUserIdxModel.swift; sourceTree = "<group>"; };
		1ADA5F362994DFD900FE90AD /* GetMsgDataManager.swift */ = {isa = PBXFileReference; fileEncoding = 4; lastKnownFileType = sourcecode.swift; path = GetMsgDataManager.swift; sourceTree = "<group>"; };
		280F5E552983B25E000A30B3 /* MyPageTableHeaderView.swift */ = {isa = PBXFileReference; fileEncoding = 4; lastKnownFileType = sourcecode.swift; path = MyPageTableHeaderView.swift; sourceTree = "<group>"; };
		280F5E562983B25E000A30B3 /* MyPageViewController.swift */ = {isa = PBXFileReference; fileEncoding = 4; lastKnownFileType = sourcecode.swift; path = MyPageViewController.swift; sourceTree = "<group>"; };
		280F5E572983B25F000A30B3 /* MyPageCell.swift */ = {isa = PBXFileReference; fileEncoding = 4; lastKnownFileType = sourcecode.swift; path = MyPageCell.swift; sourceTree = "<group>"; };
		280F5E582983B25F000A30B3 /* ProfileEditController.swift */ = {isa = PBXFileReference; fileEncoding = 4; lastKnownFileType = sourcecode.swift; path = ProfileEditController.swift; sourceTree = "<group>"; };
		280F5E592983B25F000A30B3 /* PWEditController.swift */ = {isa = PBXFileReference; fileEncoding = 4; lastKnownFileType = sourcecode.swift; path = PWEditController.swift; sourceTree = "<group>"; };
		282C46932997F62A006E1E13 /* ResponseStruct.swift */ = {isa = PBXFileReference; lastKnownFileType = sourcecode.swift; path = ResponseStruct.swift; sourceTree = "<group>"; };
		286F6ABB298EBD8C0089936D /* TipsData.swift */ = {isa = PBXFileReference; lastKnownFileType = sourcecode.swift; path = TipsData.swift; sourceTree = "<group>"; };
		2871C4FD299D00D400D02A2E /* NotificationManager.swift */ = {isa = PBXFileReference; lastKnownFileType = sourcecode.swift; path = NotificationManager.swift; sourceTree = "<group>"; };
		2871C500299D33DB00D02A2E /* SearchManager.swift */ = {isa = PBXFileReference; lastKnownFileType = sourcecode.swift; path = SearchManager.swift; sourceTree = "<group>"; };
		28AAB1FE298FCBF900B58C12 /* UserDataManager.swift */ = {isa = PBXFileReference; lastKnownFileType = sourcecode.swift; path = UserDataManager.swift; sourceTree = "<group>"; };
		28AAB2002992D9CB00B58C12 /* CustomTableCellView.swift */ = {isa = PBXFileReference; lastKnownFileType = sourcecode.swift; path = CustomTableCellView.swift; sourceTree = "<group>"; };
		28AAB202299395E800B58C12 /* GoodHabitTipsViewController.swift */ = {isa = PBXFileReference; lastKnownFileType = sourcecode.swift; path = GoodHabitTipsViewController.swift; sourceTree = "<group>"; };
		28B92D8A2A49EE4600F1C92B /* NewHomeViewController.swift */ = {isa = PBXFileReference; lastKnownFileType = sourcecode.swift; path = NewHomeViewController.swift; sourceTree = "<group>"; };
		28B92D8E2A49EF1400F1C92B /* HomeView.swift */ = {isa = PBXFileReference; lastKnownFileType = sourcecode.swift; path = HomeView.swift; sourceTree = "<group>"; };
		28B92D902A49F4C500F1C92B /* HomeViewModel.swift */ = {isa = PBXFileReference; lastKnownFileType = sourcecode.swift; path = HomeViewModel.swift; sourceTree = "<group>"; };
		28B92D922A49F83000F1C92B /* AddHabitView.swift */ = {isa = PBXFileReference; lastKnownFileType = sourcecode.swift; path = AddHabitView.swift; sourceTree = "<group>"; };
		28B92D942A4A164F00F1C92B /* HabitDetailView.swift */ = {isa = PBXFileReference; lastKnownFileType = sourcecode.swift; path = HabitDetailView.swift; sourceTree = "<group>"; };
		28B92D972A4A25BE00F1C92B /* HabitCellView.swift */ = {isa = PBXFileReference; lastKnownFileType = sourcecode.swift; path = HabitCellView.swift; sourceTree = "<group>"; };
		28B92D992A4A272200F1C92B /* Habit.swift */ = {isa = PBXFileReference; lastKnownFileType = sourcecode.swift; path = Habit.swift; sourceTree = "<group>"; };
		28BFE24F298B83A700176731 /* TipsCell.swift */ = {isa = PBXFileReference; lastKnownFileType = sourcecode.swift; path = TipsCell.swift; sourceTree = "<group>"; };
		28BFE259298BA6AA00176731 /* BadHabitTipsViewController.swift */ = {isa = PBXFileReference; lastKnownFileType = sourcecode.swift; path = BadHabitTipsViewController.swift; sourceTree = "<group>"; };
		28E5ABC1299906CE009EB65C /* ProfileImageDataManager.swift */ = {isa = PBXFileReference; lastKnownFileType = sourcecode.swift; path = ProfileImageDataManager.swift; sourceTree = "<group>"; };
		28EFD4882987AE140092E210 /* MyPageTableFooterView.swift */ = {isa = PBXFileReference; lastKnownFileType = sourcecode.swift; path = MyPageTableFooterView.swift; sourceTree = "<group>"; };
		28EFD48A2987B5190092E210 /* FeedBackController.swift */ = {isa = PBXFileReference; lastKnownFileType = sourcecode.swift; path = FeedBackController.swift; sourceTree = "<group>"; };
		28EFD48C298A3ABE0092E210 /* WithdrawalViewController.swift */ = {isa = PBXFileReference; lastKnownFileType = sourcecode.swift; path = WithdrawalViewController.swift; sourceTree = "<group>"; };
		28EFD490298A9A930092E210 /* Better-me-iOS.entitlements */ = {isa = PBXFileReference; lastKnownFileType = text.plist.entitlements; path = "Better-me-iOS.entitlements"; sourceTree = "<group>"; };
		28EFD491298A9D850092E210 /* first.apn */ = {isa = PBXFileReference; lastKnownFileType = text; path = first.apn; sourceTree = "<group>"; };
		28EFD493298A9FD50092E210 /* second.apn */ = {isa = PBXFileReference; lastKnownFileType = text; path = second.apn; sourceTree = "<group>"; };
		28EFD495298AA2FC0092E210 /* PushNotiViewController.swift */ = {isa = PBXFileReference; lastKnownFileType = sourcecode.swift; path = PushNotiViewController.swift; sourceTree = "<group>"; };
		28EFD497298AAB620092E210 /* AlertTableViewCell.swift */ = {isa = PBXFileReference; lastKnownFileType = sourcecode.swift; path = AlertTableViewCell.swift; sourceTree = "<group>"; };
		3B77F386299CC956001F7BB3 /* HabitDisagreeModel.swift */ = {isa = PBXFileReference; fileEncoding = 4; lastKnownFileType = sourcecode.swift; path = HabitDisagreeModel.swift; sourceTree = "<group>"; };
		3B77F387299CC956001F7BB3 /* NewPerson.swift */ = {isa = PBXFileReference; fileEncoding = 4; lastKnownFileType = sourcecode.swift; path = NewPerson.swift; sourceTree = "<group>"; };
		3B77F388299CC956001F7BB3 /* NewPersonModel.swift */ = {isa = PBXFileReference; fileEncoding = 4; lastKnownFileType = sourcecode.swift; path = NewPersonModel.swift; sourceTree = "<group>"; };
		3B77F389299CC956001F7BB3 /* Request_Friend_PostModel.swift */ = {isa = PBXFileReference; fileEncoding = 4; lastKnownFileType = sourcecode.swift; path = Request_Friend_PostModel.swift; sourceTree = "<group>"; };
		3B77F38A299CC957001F7BB3 /* FriendDelete.swift */ = {isa = PBXFileReference; fileEncoding = 4; lastKnownFileType = sourcecode.swift; path = FriendDelete.swift; sourceTree = "<group>"; };
		3B77F38B299CC957001F7BB3 /* Request_Friend_Post.swift */ = {isa = PBXFileReference; fileEncoding = 4; lastKnownFileType = sourcecode.swift; path = Request_Friend_Post.swift; sourceTree = "<group>"; };
		3B77F38C299CC957001F7BB3 /* Request_FriendModel.swift */ = {isa = PBXFileReference; fileEncoding = 4; lastKnownFileType = sourcecode.swift; path = Request_FriendModel.swift; sourceTree = "<group>"; };
		3B77F38D299CC957001F7BB3 /* SearchEmail.swift */ = {isa = PBXFileReference; fileEncoding = 4; lastKnownFileType = sourcecode.swift; path = SearchEmail.swift; sourceTree = "<group>"; };
		3B77F38E299CC957001F7BB3 /* Agree.swift */ = {isa = PBXFileReference; fileEncoding = 4; lastKnownFileType = sourcecode.swift; path = Agree.swift; sourceTree = "<group>"; };
		3B77F38F299CC957001F7BB3 /* RequestStatusModel.swift */ = {isa = PBXFileReference; fileEncoding = 4; lastKnownFileType = sourcecode.swift; path = RequestStatusModel.swift; sourceTree = "<group>"; };
		3B77F390299CC957001F7BB3 /* SearchName.swift */ = {isa = PBXFileReference; fileEncoding = 4; lastKnownFileType = sourcecode.swift; path = SearchName.swift; sourceTree = "<group>"; };
		3B77F391299CC957001F7BB3 /* SearchEmailModel.swift */ = {isa = PBXFileReference; fileEncoding = 4; lastKnownFileType = sourcecode.swift; path = SearchEmailModel.swift; sourceTree = "<group>"; };
		3B77F392299CC957001F7BB3 /* InviteHabitPost.swift */ = {isa = PBXFileReference; fileEncoding = 4; lastKnownFileType = sourcecode.swift; path = InviteHabitPost.swift; sourceTree = "<group>"; };
		3B77F393299CC957001F7BB3 /* HabitAgree.swift */ = {isa = PBXFileReference; fileEncoding = 4; lastKnownFileType = sourcecode.swift; path = HabitAgree.swift; sourceTree = "<group>"; };
		3B77F394299CC957001F7BB3 /* AgreeModel.swift */ = {isa = PBXFileReference; fileEncoding = 4; lastKnownFileType = sourcecode.swift; path = AgreeModel.swift; sourceTree = "<group>"; };
		3B77F395299CC957001F7BB3 /* SearchNameModel.swift */ = {isa = PBXFileReference; fileEncoding = 4; lastKnownFileType = sourcecode.swift; path = SearchNameModel.swift; sourceTree = "<group>"; };
		3B77F396299CC957001F7BB3 /* InviteHabit.swift */ = {isa = PBXFileReference; fileEncoding = 4; lastKnownFileType = sourcecode.swift; path = InviteHabit.swift; sourceTree = "<group>"; };
		3B77F397299CC957001F7BB3 /* InviteHabitModel.swift */ = {isa = PBXFileReference; fileEncoding = 4; lastKnownFileType = sourcecode.swift; path = InviteHabitModel.swift; sourceTree = "<group>"; };
		3B77F398299CC957001F7BB3 /* Request_Friend.swift */ = {isa = PBXFileReference; fileEncoding = 4; lastKnownFileType = sourcecode.swift; path = Request_Friend.swift; sourceTree = "<group>"; };
		3B77F399299CC957001F7BB3 /* FriendDeleteModel.swift */ = {isa = PBXFileReference; fileEncoding = 4; lastKnownFileType = sourcecode.swift; path = FriendDeleteModel.swift; sourceTree = "<group>"; };
		3B77F39A299CC957001F7BB3 /* RequestStatus.swift */ = {isa = PBXFileReference; fileEncoding = 4; lastKnownFileType = sourcecode.swift; path = RequestStatus.swift; sourceTree = "<group>"; };
		3B77F39B299CC957001F7BB3 /* HabitAgreeModel.swift */ = {isa = PBXFileReference; fileEncoding = 4; lastKnownFileType = sourcecode.swift; path = HabitAgreeModel.swift; sourceTree = "<group>"; };
		3B77F39C299CC957001F7BB3 /* InviteHabitPostModel.swift */ = {isa = PBXFileReference; fileEncoding = 4; lastKnownFileType = sourcecode.swift; path = InviteHabitPostModel.swift; sourceTree = "<group>"; };
		3B77F39D299CC957001F7BB3 /* HabitDisagree.swift */ = {isa = PBXFileReference; fileEncoding = 4; lastKnownFileType = sourcecode.swift; path = HabitDisagree.swift; sourceTree = "<group>"; };
		3B77F3B6299CC965001F7BB3 /* Person.swift */ = {isa = PBXFileReference; fileEncoding = 4; lastKnownFileType = sourcecode.swift; path = Person.swift; sourceTree = "<group>"; };
		3B77F3B7299CC965001F7BB3 /* PersonModel.swift */ = {isa = PBXFileReference; fileEncoding = 4; lastKnownFileType = sourcecode.swift; path = PersonModel.swift; sourceTree = "<group>"; };
		3B77F3BA299CC971001F7BB3 /* SwiftUIView.swift */ = {isa = PBXFileReference; fileEncoding = 4; lastKnownFileType = sourcecode.swift; path = SwiftUIView.swift; sourceTree = "<group>"; };
		3B77F3BC299CCB70001F7BB3 /* SocialViewController.swift */ = {isa = PBXFileReference; fileEncoding = 4; lastKnownFileType = sourcecode.swift; path = SocialViewController.swift; sourceTree = "<group>"; };
		6868E3C3CEFCFABB0444CD2D /* Pods-Better-me-iOS.debug.xcconfig */ = {isa = PBXFileReference; includeInIndex = 1; lastKnownFileType = text.xcconfig; name = "Pods-Better-me-iOS.debug.xcconfig"; path = "Target Support Files/Pods-Better-me-iOS/Pods-Better-me-iOS.debug.xcconfig"; sourceTree = "<group>"; };
		8A9CB66B1A0BF0FB3839524B /* Pods_Better_me_iOS.framework */ = {isa = PBXFileReference; explicitFileType = wrapper.framework; includeInIndex = 0; path = Pods_Better_me_iOS.framework; sourceTree = BUILT_PRODUCTS_DIR; };
		BE5F4EC3296D9E080064A93C /* Quote.swift */ = {isa = PBXFileReference; lastKnownFileType = sourcecode.swift; path = Quote.swift; sourceTree = "<group>"; };
		BECC4B35296C3AB60037807F /* Better-me-iOS.app */ = {isa = PBXFileReference; explicitFileType = wrapper.application; includeInIndex = 0; path = "Better-me-iOS.app"; sourceTree = BUILT_PRODUCTS_DIR; };
		BECC4B38296C3AB60037807F /* AppDelegate.swift */ = {isa = PBXFileReference; lastKnownFileType = sourcecode.swift; path = AppDelegate.swift; sourceTree = "<group>"; };
		BECC4B3A296C3AB60037807F /* SceneDelegate.swift */ = {isa = PBXFileReference; lastKnownFileType = sourcecode.swift; path = SceneDelegate.swift; sourceTree = "<group>"; };
		BECC4B3F296C3AB60037807F /* Base */ = {isa = PBXFileReference; lastKnownFileType = file.storyboard; name = Base; path = Base.lproj/Main.storyboard; sourceTree = "<group>"; };
		BECC4B41296C3AB80037807F /* Assets.xcassets */ = {isa = PBXFileReference; lastKnownFileType = folder.assetcatalog; path = Assets.xcassets; sourceTree = "<group>"; };
		BECC4B44296C3AB80037807F /* Base */ = {isa = PBXFileReference; lastKnownFileType = file.storyboard; name = Base; path = Base.lproj/LaunchScreen.storyboard; sourceTree = "<group>"; };
		BECC4B46296C3AB80037807F /* Info.plist */ = {isa = PBXFileReference; lastKnownFileType = text.plist.xml; path = Info.plist; sourceTree = "<group>"; };
/* End PBXFileReference section */

/* Begin PBXFrameworksBuildPhase section */
		BECC4B32296C3AB60037807F /* Frameworks */ = {
			isa = PBXFrameworksBuildPhase;
			buildActionMask = 2147483647;
			files = (
				28E5ABFF299958B1009EB65C /* Alamofire in Frameworks */,
				282C4690299548F4006E1E13 /* PopupView in Frameworks */,
				D9EBCD222E907382D1A2D0FD /* Pods_Better_me_iOS.framework in Frameworks */,
			);
			runOnlyForDeploymentPostprocessing = 0;
		};
/* End PBXFrameworksBuildPhase section */

/* Begin PBXGroup section */
		1ADA5F282994DFD900FE90AD /* Login */ = {
			isa = PBXGroup;
			children = (
				1ADA5F292994DFD900FE90AD /* LoginFirstViewController.swift */,
				1ADA5F2A2994DFD900FE90AD /* UIColorExtension.swift */,
				1ADA5F2B2994DFD900FE90AD /* JoinViewController.swift */,
				1ADA5F2C2994DFD900FE90AD /* MainViewController.swift */,
				1ADA5F2D2994DFD900FE90AD /* passwordFindViewController.swift */,
				1ADA5F2E2994DFD900FE90AD /* nicknameViewController.swift */,
				1ADA5F2F2994DFD900FE90AD /* wordViewController.swift */,
				1ADA5F302994DFD900FE90AD /* DataModel */,
			);
			path = Login;
			sourceTree = "<group>";
		};
		1ADA5F302994DFD900FE90AD /* DataModel */ = {
			isa = PBXGroup;
			children = (
				1ADA5F312994DFD900FE90AD /* ResponseModel.swift */,
				1ADA5F322994DFD900FE90AD /* LoginModel.swift */,
				1ADA5F332994DFD900FE90AD /* PostDataManager.swift */,
				1ADA5F342994DFD900FE90AD /* UserDataModel.swift */,
				1ADA5F352994DFD900FE90AD /* GetUserIdxModel.swift */,
				1ADA5F362994DFD900FE90AD /* GetMsgDataManager.swift */,
			);
			path = DataModel;
			sourceTree = "<group>";
		};
		280F5E542983B23A000A30B3 /* MyPage */ = {
			isa = PBXGroup;
			children = (
				280F5E562983B25E000A30B3 /* MyPageViewController.swift */,
				28E5ABC1299906CE009EB65C /* ProfileImageDataManager.swift */,
				282C46932997F62A006E1E13 /* ResponseStruct.swift */,
				28AAB1FE298FCBF900B58C12 /* UserDataManager.swift */,
				28BFE253298BA58000176731 /* MypageTableView */,
				28BFE255298BA5FE00176731 /* HabitTips */,
				280F5E582983B25F000A30B3 /* ProfileEditController.swift */,
				280F5E592983B25F000A30B3 /* PWEditController.swift */,
				28EFD48A2987B5190092E210 /* FeedBackController.swift */,
				28EFD48C298A3ABE0092E210 /* WithdrawalViewController.swift */,
				28E5AC02299AD454009EB65C /* PushNotification */,
				28EFD493298A9FD50092E210 /* second.apn */,
				28EFD491298A9D850092E210 /* first.apn */,
			);
			path = MyPage;
			sourceTree = "<group>";
		};
		2871C4FF299D339500D02A2E /* NetWorking */ = {
			isa = PBXGroup;
			children = (
				2871C500299D33DB00D02A2E /* SearchManager.swift */,
			);
			name = NetWorking;
			sourceTree = "<group>";
		};
		28B92D892A49EE2300F1C92B /* NewHome */ = {
			isa = PBXGroup;
			children = (
				28B92D8A2A49EE4600F1C92B /* NewHomeViewController.swift */,
				28B92D8E2A49EF1400F1C92B /* HomeView.swift */,
				28B92D972A4A25BE00F1C92B /* HabitCellView.swift */,
				28B92D922A49F83000F1C92B /* AddHabitView.swift */,
				28B92D942A4A164F00F1C92B /* HabitDetailView.swift */,
				28B92D902A49F4C500F1C92B /* HomeViewModel.swift */,
				28B92D962A4A1B0700F1C92B /* Model */,
			);
			path = NewHome;
			sourceTree = "<group>";
		};
		28B92D962A4A1B0700F1C92B /* Model */ = {
			isa = PBXGroup;
			children = (
				BE5F4EC3296D9E080064A93C /* Quote.swift */,
				28B92D992A4A272200F1C92B /* Habit.swift */,
			);
			path = Model;
			sourceTree = "<group>";
		};
		28BFE253298BA58000176731 /* MypageTableView */ = {
			isa = PBXGroup;
			children = (
				280F5E552983B25E000A30B3 /* MyPageTableHeaderView.swift */,
				280F5E572983B25F000A30B3 /* MyPageCell.swift */,
				28EFD4882987AE140092E210 /* MyPageTableFooterView.swift */,
			);
			path = MypageTableView;
			sourceTree = "<group>";
		};
		28BFE255298BA5FE00176731 /* HabitTips */ = {
			isa = PBXGroup;
			children = (
				28AAB2002992D9CB00B58C12 /* CustomTableCellView.swift */,
				286F6ABB298EBD8C0089936D /* TipsData.swift */,
				28BFE24F298B83A700176731 /* TipsCell.swift */,
				28AAB202299395E800B58C12 /* GoodHabitTipsViewController.swift */,
				28BFE259298BA6AA00176731 /* BadHabitTipsViewController.swift */,
			);
			path = HabitTips;
			sourceTree = "<group>";
		};
		28E5AC02299AD454009EB65C /* PushNotification */ = {
			isa = PBXGroup;
			children = (
				28EFD495298AA2FC0092E210 /* PushNotiViewController.swift */,
				28EFD497298AAB620092E210 /* AlertTableViewCell.swift */,
				2871C4FD299D00D400D02A2E /* NotificationManager.swift */,
			);
			path = PushNotification;
			sourceTree = "<group>";
		};
		3B77F384299CC747001F7BB3 /* Social */ = {
			isa = PBXGroup;
			children = (
				2871C4FF299D339500D02A2E /* NetWorking */,
				3B77F3BC299CCB70001F7BB3 /* SocialViewController.swift */,
				3B77F3BA299CC971001F7BB3 /* SwiftUIView.swift */,
				3B77F385299CC7A0001F7BB3 /* Data */,
			);
			name = Social;
			path = ..;
			sourceTree = "<group>";
		};
		3B77F385299CC7A0001F7BB3 /* Data */ = {
			isa = PBXGroup;
			children = (
				3B77F3B6299CC965001F7BB3 /* Person.swift */,
				3B77F3B7299CC965001F7BB3 /* PersonModel.swift */,
				3B77F38E299CC957001F7BB3 /* Agree.swift */,
				3B77F394299CC957001F7BB3 /* AgreeModel.swift */,
				3B77F38A299CC957001F7BB3 /* FriendDelete.swift */,
				3B77F399299CC957001F7BB3 /* FriendDeleteModel.swift */,
				3B77F393299CC957001F7BB3 /* HabitAgree.swift */,
				3B77F39B299CC957001F7BB3 /* HabitAgreeModel.swift */,
				3B77F39D299CC957001F7BB3 /* HabitDisagree.swift */,
				3B77F386299CC956001F7BB3 /* HabitDisagreeModel.swift */,
				3B77F396299CC957001F7BB3 /* InviteHabit.swift */,
				3B77F397299CC957001F7BB3 /* InviteHabitModel.swift */,
				3B77F392299CC957001F7BB3 /* InviteHabitPost.swift */,
				3B77F39C299CC957001F7BB3 /* InviteHabitPostModel.swift */,
				3B77F387299CC956001F7BB3 /* NewPerson.swift */,
				3B77F388299CC956001F7BB3 /* NewPersonModel.swift */,
				3B77F38B299CC957001F7BB3 /* Request_Friend_Post.swift */,
				3B77F389299CC956001F7BB3 /* Request_Friend_PostModel.swift */,
				3B77F398299CC957001F7BB3 /* Request_Friend.swift */,
				3B77F38C299CC957001F7BB3 /* Request_FriendModel.swift */,
				3B77F39A299CC957001F7BB3 /* RequestStatus.swift */,
				3B77F38F299CC957001F7BB3 /* RequestStatusModel.swift */,
				3B77F38D299CC957001F7BB3 /* SearchEmail.swift */,
				3B77F391299CC957001F7BB3 /* SearchEmailModel.swift */,
				3B77F390299CC957001F7BB3 /* SearchName.swift */,
				3B77F395299CC957001F7BB3 /* SearchNameModel.swift */,
			);
			path = Data;
			sourceTree = "<group>";
		};
		BECC4B2C296C3AB60037807F = {
			isa = PBXGroup;
			children = (
				BECC4B37296C3AB60037807F /* Better-me-iOS */,
				BECC4B36296C3AB60037807F /* Products */,
				E64412815AF12B933831F217 /* Pods */,
				D1D6417B6D6B9C4E0EFC0DB9 /* Frameworks */,
			);
			sourceTree = "<group>";
		};
		BECC4B36296C3AB60037807F /* Products */ = {
			isa = PBXGroup;
			children = (
				BECC4B35296C3AB60037807F /* Better-me-iOS.app */,
			);
			name = Products;
			sourceTree = "<group>";
		};
		BECC4B37296C3AB60037807F /* Better-me-iOS */ = {
			isa = PBXGroup;
			children = (
				28EFD490298A9A930092E210 /* Better-me-iOS.entitlements */,
				BECC4B38296C3AB60037807F /* AppDelegate.swift */,
				BECC4B3A296C3AB60037807F /* SceneDelegate.swift */,
				BECC4B3E296C3AB60037807F /* Main.storyboard */,
				BECC4B41296C3AB80037807F /* Assets.xcassets */,
				BECC4B43296C3AB80037807F /* LaunchScreen.storyboard */,
				BECC4B46296C3AB80037807F /* Info.plist */,
				1ADA5F282994DFD900FE90AD /* Login */,
				28B92D892A49EE2300F1C92B /* NewHome */,
				3B77F384299CC747001F7BB3 /* Social */,
				280F5E542983B23A000A30B3 /* MyPage */,
			);
			path = "Better-me-iOS";
			sourceTree = "<group>";
		};
		D1D6417B6D6B9C4E0EFC0DB9 /* Frameworks */ = {
			isa = PBXGroup;
			children = (
				8A9CB66B1A0BF0FB3839524B /* Pods_Better_me_iOS.framework */,
			);
			name = Frameworks;
			sourceTree = "<group>";
		};
		E64412815AF12B933831F217 /* Pods */ = {
			isa = PBXGroup;
			children = (
				6868E3C3CEFCFABB0444CD2D /* Pods-Better-me-iOS.debug.xcconfig */,
				06B307C46D7BBE790ECF1FAC /* Pods-Better-me-iOS.release.xcconfig */,
			);
			path = Pods;
			sourceTree = "<group>";
		};
/* End PBXGroup section */

/* Begin PBXNativeTarget section */
		BECC4B34296C3AB60037807F /* Better-me-iOS */ = {
			isa = PBXNativeTarget;
			buildConfigurationList = BECC4B49296C3AB80037807F /* Build configuration list for PBXNativeTarget "Better-me-iOS" */;
			buildPhases = (
				ADA67A91C94D266823103EBE /* [CP] Check Pods Manifest.lock */,
				BECC4B31296C3AB60037807F /* Sources */,
				BECC4B32296C3AB60037807F /* Frameworks */,
				BECC4B33296C3AB60037807F /* Resources */,
				900A6873AD64F1C771BEB467 /* [CP] Embed Pods Frameworks */,
			);
			buildRules = (
			);
			dependencies = (
			);
			name = "Better-me-iOS";
			packageProductDependencies = (
				28AAB1FC298FC78400B58C12 /* Alamofire */,
				282C468F299548F4006E1E13 /* PopupView */,
			);
			productName = "Better-me-iOS";
			productReference = BECC4B35296C3AB60037807F /* Better-me-iOS.app */;
			productType = "com.apple.product-type.application";
		};
/* End PBXNativeTarget section */

/* Begin PBXProject section */
		BECC4B2D296C3AB60037807F /* Project object */ = {
			isa = PBXProject;
			attributes = {
				BuildIndependentTargetsInParallel = 1;
				LastSwiftUpdateCheck = 1420;
				LastUpgradeCheck = 1420;
				TargetAttributes = {
					BECC4B34296C3AB60037807F = {
						CreatedOnToolsVersion = 14.2;
					};
				};
			};
			buildConfigurationList = BECC4B30296C3AB60037807F /* Build configuration list for PBXProject "Better-me-iOS" */;
			compatibilityVersion = "Xcode 14.0";
			developmentRegion = en;
			hasScannedForEncodings = 0;
			knownRegions = (
				en,
				Base,
			);
			mainGroup = BECC4B2C296C3AB60037807F;
			packageReferences = (
				28AAB1FB298FC78400B58C12 /* XCRemoteSwiftPackageReference "Alamofire" */,
				282C468E299548F4006E1E13 /* XCRemoteSwiftPackageReference "PopupView" */,
			);
			productRefGroup = BECC4B36296C3AB60037807F /* Products */;
			projectDirPath = "";
			projectRoot = "";
			targets = (
				BECC4B34296C3AB60037807F /* Better-me-iOS */,
			);
		};
/* End PBXProject section */

/* Begin PBXResourcesBuildPhase section */
		BECC4B33296C3AB60037807F /* Resources */ = {
			isa = PBXResourcesBuildPhase;
			buildActionMask = 2147483647;
			files = (
				BECC4B45296C3AB80037807F /* LaunchScreen.storyboard in Resources */,
				BECC4B42296C3AB80037807F /* Assets.xcassets in Resources */,
				BECC4B40296C3AB60037807F /* Main.storyboard in Resources */,
			);
			runOnlyForDeploymentPostprocessing = 0;
		};
/* End PBXResourcesBuildPhase section */

/* Begin PBXShellScriptBuildPhase section */
		900A6873AD64F1C771BEB467 /* [CP] Embed Pods Frameworks */ = {
			isa = PBXShellScriptBuildPhase;
			buildActionMask = 2147483647;
			files = (
			);
			inputFileListPaths = (
				"${PODS_ROOT}/Target Support Files/Pods-Better-me-iOS/Pods-Better-me-iOS-frameworks-${CONFIGURATION}-input-files.xcfilelist",
			);
			name = "[CP] Embed Pods Frameworks";
			outputFileListPaths = (
				"${PODS_ROOT}/Target Support Files/Pods-Better-me-iOS/Pods-Better-me-iOS-frameworks-${CONFIGURATION}-output-files.xcfilelist",
			);
			runOnlyForDeploymentPostprocessing = 0;
			shellPath = /bin/sh;
			shellScript = "\"${PODS_ROOT}/Target Support Files/Pods-Better-me-iOS/Pods-Better-me-iOS-frameworks.sh\"\n";
			showEnvVarsInLog = 0;
		};
		ADA67A91C94D266823103EBE /* [CP] Check Pods Manifest.lock */ = {
			isa = PBXShellScriptBuildPhase;
			buildActionMask = 2147483647;
			files = (
			);
			inputFileListPaths = (
			);
			inputPaths = (
				"${PODS_PODFILE_DIR_PATH}/Podfile.lock",
				"${PODS_ROOT}/Manifest.lock",
			);
			name = "[CP] Check Pods Manifest.lock";
			outputFileListPaths = (
			);
			outputPaths = (
				"$(DERIVED_FILE_DIR)/Pods-Better-me-iOS-checkManifestLockResult.txt",
			);
			runOnlyForDeploymentPostprocessing = 0;
			shellPath = /bin/sh;
			shellScript = "diff \"${PODS_PODFILE_DIR_PATH}/Podfile.lock\" \"${PODS_ROOT}/Manifest.lock\" > /dev/null\nif [ $? != 0 ] ; then\n    # print error to STDERR\n    echo \"error: The sandbox is not in sync with the Podfile.lock. Run 'pod install' or update your CocoaPods installation.\" >&2\n    exit 1\nfi\n# This output is used by Xcode 'outputs' to avoid re-running this script phase.\necho \"SUCCESS\" > \"${SCRIPT_OUTPUT_FILE_0}\"\n";
			showEnvVarsInLog = 0;
		};
/* End PBXShellScriptBuildPhase section */

/* Begin PBXSourcesBuildPhase section */
		BECC4B31296C3AB60037807F /* Sources */ = {
			isa = PBXSourcesBuildPhase;
			buildActionMask = 2147483647;
			files = (
				3B77F3A9299CC957001F7BB3 /* SearchEmailModel.swift in Sources */,
				28B92D932A49F83000F1C92B /* AddHabitView.swift in Sources */,
				28EFD498298AAB620092E210 /* AlertTableViewCell.swift in Sources */,
				3B77F3B1299CC957001F7BB3 /* FriendDeleteModel.swift in Sources */,
				28E5ABC2299906CE009EB65C /* ProfileImageDataManager.swift in Sources */,
				2871C4FE299D00D400D02A2E /* NotificationManager.swift in Sources */,
				1ADA5F3F2994DFD900FE90AD /* LoginModel.swift in Sources */,
				28BFE25A298BA9CF00176731 /* BadHabitTipsViewController.swift in Sources */,
				28BFE250298B83A700176731 /* TipsCell.swift in Sources */,
				280F5E5E2983B25F000A30B3 /* PWEditController.swift in Sources */,
				280F5E5B2983B25F000A30B3 /* MyPageViewController.swift in Sources */,
				3B77F3A6299CC957001F7BB3 /* Agree.swift in Sources */,
				280F5E5C2983B25F000A30B3 /* MyPageCell.swift in Sources */,
				28B92D8F2A49EF1400F1C92B /* HomeView.swift in Sources */,
				1ADA5F402994DFD900FE90AD /* PostDataManager.swift in Sources */,
				3B77F3AC299CC957001F7BB3 /* AgreeModel.swift in Sources */,
				3B77F3A5299CC957001F7BB3 /* SearchEmail.swift in Sources */,
				28B92D952A4A164F00F1C92B /* HabitDetailView.swift in Sources */,
				28AAB1FF298FCBF900B58C12 /* UserDataManager.swift in Sources */,
				28AAB203299395E800B58C12 /* GoodHabitTipsViewController.swift in Sources */,
				1ADA5F432994DFD900FE90AD /* GetMsgDataManager.swift in Sources */,
				3B77F3B3299CC957001F7BB3 /* HabitAgreeModel.swift in Sources */,
				28AAB2012992D9CB00B58C12 /* CustomTableCellView.swift in Sources */,
				280F5E5D2983B25F000A30B3 /* ProfileEditController.swift in Sources */,
				1ADA5F372994DFD900FE90AD /* LoginFirstViewController.swift in Sources */,
				28EFD48D298A3ABE0092E210 /* WithdrawalViewController.swift in Sources */,
				3B77F3B4299CC957001F7BB3 /* InviteHabitPostModel.swift in Sources */,
				3B77F3BB299CC971001F7BB3 /* SwiftUIView.swift in Sources */,
				3B77F3A0299CC957001F7BB3 /* NewPersonModel.swift in Sources */,
				BECC4B39296C3AB60037807F /* AppDelegate.swift in Sources */,
				1ADA5F412994DFD900FE90AD /* UserDataModel.swift in Sources */,
				3B77F3A8299CC957001F7BB3 /* SearchName.swift in Sources */,
				3B77F3AA299CC957001F7BB3 /* InviteHabitPost.swift in Sources */,
				3B77F3AE299CC957001F7BB3 /* InviteHabit.swift in Sources */,
				28B92D912A49F4C500F1C92B /* HomeViewModel.swift in Sources */,
				280F5E5A2983B25F000A30B3 /* MyPageTableHeaderView.swift in Sources */,
				3B77F3B8299CC965001F7BB3 /* Person.swift in Sources */,
				3B77F3AB299CC957001F7BB3 /* HabitAgree.swift in Sources */,
				1ADA5F3C2994DFD900FE90AD /* nicknameViewController.swift in Sources */,
				28B92D8B2A49EE4600F1C92B /* NewHomeViewController.swift in Sources */,
				3B77F3A3299CC957001F7BB3 /* Request_Friend_Post.swift in Sources */,
				1ADA5F3B2994DFD900FE90AD /* passwordFindViewController.swift in Sources */,
				3B77F3B9299CC965001F7BB3 /* PersonModel.swift in Sources */,
				1ADA5F422994DFD900FE90AD /* GetUserIdxModel.swift in Sources */,
				1ADA5F3A2994DFD900FE90AD /* MainViewController.swift in Sources */,
				3B77F3A1299CC957001F7BB3 /* Request_Friend_PostModel.swift in Sources */,
				28EFD496298AA2FC0092E210 /* PushNotiViewController.swift in Sources */,
				1ADA5F392994DFD900FE90AD /* JoinViewController.swift in Sources */,
				1ADA5F382994DFD900FE90AD /* UIColorExtension.swift in Sources */,
				3B77F3BD299CCB70001F7BB3 /* SocialViewController.swift in Sources */,
				3B77F39F299CC957001F7BB3 /* NewPerson.swift in Sources */,
				BECC4B3B296C3AB60037807F /* SceneDelegate.swift in Sources */,
				1ADA5F3E2994DFD900FE90AD /* ResponseModel.swift in Sources */,
				1ADA5F3D2994DFD900FE90AD /* wordViewController.swift in Sources */,
				3B77F39E299CC957001F7BB3 /* HabitDisagreeModel.swift in Sources */,
				282C46942997F62A006E1E13 /* ResponseStruct.swift in Sources */,
				28B92D9A2A4A272200F1C92B /* Habit.swift in Sources */,
				BE5F4EC4296D9E090064A93C /* Quote.swift in Sources */,
				2871C501299D33DB00D02A2E /* SearchManager.swift in Sources */,
				28EFD4892987AE140092E210 /* MyPageTableFooterView.swift in Sources */,
				3B77F3AD299CC957001F7BB3 /* SearchNameModel.swift in Sources */,
				3B77F3A2299CC957001F7BB3 /* FriendDelete.swift in Sources */,
				3B77F3A4299CC957001F7BB3 /* Request_FriendModel.swift in Sources */,
				3B77F3A7299CC957001F7BB3 /* RequestStatusModel.swift in Sources */,
				28EFD48B2987B5190092E210 /* FeedBackController.swift in Sources */,
				3B77F3B5299CC957001F7BB3 /* HabitDisagree.swift in Sources */,
				3B77F3B2299CC957001F7BB3 /* RequestStatus.swift in Sources */,
				3B77F3B0299CC957001F7BB3 /* Request_Friend.swift in Sources */,
				3B77F3AF299CC957001F7BB3 /* InviteHabitModel.swift in Sources */,
				28B92D982A4A25BE00F1C92B /* HabitCellView.swift in Sources */,
				286F6ABC298EBD8C0089936D /* TipsData.swift in Sources */,
			);
			runOnlyForDeploymentPostprocessing = 0;
		};
/* End PBXSourcesBuildPhase section */

/* Begin PBXVariantGroup section */
		BECC4B3E296C3AB60037807F /* Main.storyboard */ = {
			isa = PBXVariantGroup;
			children = (
				BECC4B3F296C3AB60037807F /* Base */,
			);
			name = Main.storyboard;
			sourceTree = "<group>";
		};
		BECC4B43296C3AB80037807F /* LaunchScreen.storyboard */ = {
			isa = PBXVariantGroup;
			children = (
				BECC4B44296C3AB80037807F /* Base */,
			);
			name = LaunchScreen.storyboard;
			sourceTree = "<group>";
		};
/* End PBXVariantGroup section */

/* Begin XCBuildConfiguration section */
		BECC4B47296C3AB80037807F /* Debug */ = {
			isa = XCBuildConfiguration;
			buildSettings = {
				ALWAYS_SEARCH_USER_PATHS = NO;
				CLANG_ANALYZER_NONNULL = YES;
				CLANG_ANALYZER_NUMBER_OBJECT_CONVERSION = YES_AGGRESSIVE;
				CLANG_CXX_LANGUAGE_STANDARD = "gnu++20";
				CLANG_ENABLE_MODULES = YES;
				CLANG_ENABLE_OBJC_ARC = YES;
				CLANG_ENABLE_OBJC_WEAK = YES;
				CLANG_WARN_BLOCK_CAPTURE_AUTORELEASING = YES;
				CLANG_WARN_BOOL_CONVERSION = YES;
				CLANG_WARN_COMMA = YES;
				CLANG_WARN_CONSTANT_CONVERSION = YES;
				CLANG_WARN_DEPRECATED_OBJC_IMPLEMENTATIONS = YES;
				CLANG_WARN_DIRECT_OBJC_ISA_USAGE = YES_ERROR;
				CLANG_WARN_DOCUMENTATION_COMMENTS = YES;
				CLANG_WARN_EMPTY_BODY = YES;
				CLANG_WARN_ENUM_CONVERSION = YES;
				CLANG_WARN_INFINITE_RECURSION = YES;
				CLANG_WARN_INT_CONVERSION = YES;
				CLANG_WARN_NON_LITERAL_NULL_CONVERSION = YES;
				CLANG_WARN_OBJC_IMPLICIT_RETAIN_SELF = YES;
				CLANG_WARN_OBJC_LITERAL_CONVERSION = YES;
				CLANG_WARN_OBJC_ROOT_CLASS = YES_ERROR;
				CLANG_WARN_QUOTED_INCLUDE_IN_FRAMEWORK_HEADER = YES;
				CLANG_WARN_RANGE_LOOP_ANALYSIS = YES;
				CLANG_WARN_STRICT_PROTOTYPES = YES;
				CLANG_WARN_SUSPICIOUS_MOVE = YES;
				CLANG_WARN_UNGUARDED_AVAILABILITY = YES_AGGRESSIVE;
				CLANG_WARN_UNREACHABLE_CODE = YES;
				CLANG_WARN__DUPLICATE_METHOD_MATCH = YES;
				COPY_PHASE_STRIP = NO;
				DEBUG_INFORMATION_FORMAT = dwarf;
				ENABLE_STRICT_OBJC_MSGSEND = YES;
				ENABLE_TESTABILITY = YES;
				GCC_C_LANGUAGE_STANDARD = gnu11;
				GCC_DYNAMIC_NO_PIC = NO;
				GCC_NO_COMMON_BLOCKS = YES;
				GCC_OPTIMIZATION_LEVEL = 0;
				GCC_PREPROCESSOR_DEFINITIONS = (
					"DEBUG=1",
					"$(inherited)",
				);
				GCC_WARN_64_TO_32_BIT_CONVERSION = YES;
				GCC_WARN_ABOUT_RETURN_TYPE = YES_ERROR;
				GCC_WARN_UNDECLARED_SELECTOR = YES;
				GCC_WARN_UNINITIALIZED_AUTOS = YES_AGGRESSIVE;
				GCC_WARN_UNUSED_FUNCTION = YES;
				GCC_WARN_UNUSED_VARIABLE = YES;
				IPHONEOS_DEPLOYMENT_TARGET = 16.2;
				MTL_ENABLE_DEBUG_INFO = INCLUDE_SOURCE;
				MTL_FAST_MATH = YES;
				ONLY_ACTIVE_ARCH = YES;
				SDKROOT = iphoneos;
				SWIFT_ACTIVE_COMPILATION_CONDITIONS = DEBUG;
				SWIFT_OPTIMIZATION_LEVEL = "-Onone";
			};
			name = Debug;
		};
		BECC4B48296C3AB80037807F /* Release */ = {
			isa = XCBuildConfiguration;
			buildSettings = {
				ALWAYS_SEARCH_USER_PATHS = NO;
				CLANG_ANALYZER_NONNULL = YES;
				CLANG_ANALYZER_NUMBER_OBJECT_CONVERSION = YES_AGGRESSIVE;
				CLANG_CXX_LANGUAGE_STANDARD = "gnu++20";
				CLANG_ENABLE_MODULES = YES;
				CLANG_ENABLE_OBJC_ARC = YES;
				CLANG_ENABLE_OBJC_WEAK = YES;
				CLANG_WARN_BLOCK_CAPTURE_AUTORELEASING = YES;
				CLANG_WARN_BOOL_CONVERSION = YES;
				CLANG_WARN_COMMA = YES;
				CLANG_WARN_CONSTANT_CONVERSION = YES;
				CLANG_WARN_DEPRECATED_OBJC_IMPLEMENTATIONS = YES;
				CLANG_WARN_DIRECT_OBJC_ISA_USAGE = YES_ERROR;
				CLANG_WARN_DOCUMENTATION_COMMENTS = YES;
				CLANG_WARN_EMPTY_BODY = YES;
				CLANG_WARN_ENUM_CONVERSION = YES;
				CLANG_WARN_INFINITE_RECURSION = YES;
				CLANG_WARN_INT_CONVERSION = YES;
				CLANG_WARN_NON_LITERAL_NULL_CONVERSION = YES;
				CLANG_WARN_OBJC_IMPLICIT_RETAIN_SELF = YES;
				CLANG_WARN_OBJC_LITERAL_CONVERSION = YES;
				CLANG_WARN_OBJC_ROOT_CLASS = YES_ERROR;
				CLANG_WARN_QUOTED_INCLUDE_IN_FRAMEWORK_HEADER = YES;
				CLANG_WARN_RANGE_LOOP_ANALYSIS = YES;
				CLANG_WARN_STRICT_PROTOTYPES = YES;
				CLANG_WARN_SUSPICIOUS_MOVE = YES;
				CLANG_WARN_UNGUARDED_AVAILABILITY = YES_AGGRESSIVE;
				CLANG_WARN_UNREACHABLE_CODE = YES;
				CLANG_WARN__DUPLICATE_METHOD_MATCH = YES;
				COPY_PHASE_STRIP = NO;
				DEBUG_INFORMATION_FORMAT = "dwarf-with-dsym";
				ENABLE_NS_ASSERTIONS = NO;
				ENABLE_STRICT_OBJC_MSGSEND = YES;
				GCC_C_LANGUAGE_STANDARD = gnu11;
				GCC_NO_COMMON_BLOCKS = YES;
				GCC_WARN_64_TO_32_BIT_CONVERSION = YES;
				GCC_WARN_ABOUT_RETURN_TYPE = YES_ERROR;
				GCC_WARN_UNDECLARED_SELECTOR = YES;
				GCC_WARN_UNINITIALIZED_AUTOS = YES_AGGRESSIVE;
				GCC_WARN_UNUSED_FUNCTION = YES;
				GCC_WARN_UNUSED_VARIABLE = YES;
				IPHONEOS_DEPLOYMENT_TARGET = 16.2;
				MTL_ENABLE_DEBUG_INFO = NO;
				MTL_FAST_MATH = YES;
				SDKROOT = iphoneos;
				SWIFT_COMPILATION_MODE = wholemodule;
				SWIFT_OPTIMIZATION_LEVEL = "-O";
				VALIDATE_PRODUCT = YES;
			};
			name = Release;
		};
		BECC4B4A296C3AB80037807F /* Debug */ = {
			isa = XCBuildConfiguration;
			baseConfigurationReference = 6868E3C3CEFCFABB0444CD2D /* Pods-Better-me-iOS.debug.xcconfig */;
			buildSettings = {
				ASSETCATALOG_COMPILER_APPICON_NAME = AppIcon;
				ASSETCATALOG_COMPILER_GLOBAL_ACCENT_COLOR_NAME = AccentColor;
				CODE_SIGN_ENTITLEMENTS = "Better-me-iOS/Better-me-iOS.entitlements";
				CODE_SIGN_STYLE = Automatic;
				CURRENT_PROJECT_VERSION = 1;
				DEVELOPMENT_TEAM = "";
				GENERATE_INFOPLIST_FILE = YES;
				INFOPLIST_FILE = "Better-me-iOS/Info.plist";
				INFOPLIST_KEY_NSCameraUsageDescription = "프로필 사진 변경을 위해 카메라 접근 권한이 필요합니다. 허용 하시겠습니까?";
				INFOPLIST_KEY_NSPhotoLibraryUsageDescription = "프로필 사진 변경을 위해 앨범 접근 권한이 필요합니다. 허용 하시겠습니까?";
				INFOPLIST_KEY_UIApplicationSupportsIndirectInputEvents = YES;
				INFOPLIST_KEY_UILaunchStoryboardName = LaunchScreen;
				INFOPLIST_KEY_UIMainStoryboardFile = Main;
				INFOPLIST_KEY_UISupportedInterfaceOrientations_iPad = "UIInterfaceOrientationPortrait UIInterfaceOrientationPortraitUpsideDown UIInterfaceOrientationLandscapeLeft UIInterfaceOrientationLandscapeRight";
				INFOPLIST_KEY_UISupportedInterfaceOrientations_iPhone = "UIInterfaceOrientationPortrait UIInterfaceOrientationLandscapeLeft UIInterfaceOrientationLandscapeRight";
				LD_RUNPATH_SEARCH_PATHS = (
					"$(inherited)",
					"@executable_path/Frameworks",
				);
				MARKETING_VERSION = 1.0;
				PRODUCT_BUNDLE_IDENTIFIER = "com.taewoo.Better-me-iOS";
				PRODUCT_NAME = "$(TARGET_NAME)";
				SWIFT_EMIT_LOC_STRINGS = YES;
				SWIFT_VERSION = 5.0;
				TARGETED_DEVICE_FAMILY = "1,2";
			};
			name = Debug;
		};
		BECC4B4B296C3AB80037807F /* Release */ = {
			isa = XCBuildConfiguration;
			baseConfigurationReference = 06B307C46D7BBE790ECF1FAC /* Pods-Better-me-iOS.release.xcconfig */;
			buildSettings = {
				ASSETCATALOG_COMPILER_APPICON_NAME = AppIcon;
				ASSETCATALOG_COMPILER_GLOBAL_ACCENT_COLOR_NAME = AccentColor;
				CODE_SIGN_ENTITLEMENTS = "Better-me-iOS/Better-me-iOS.entitlements";
				CODE_SIGN_STYLE = Automatic;
				CURRENT_PROJECT_VERSION = 1;
				DEVELOPMENT_TEAM = 9S44MNK86W;
				GENERATE_INFOPLIST_FILE = YES;
				INFOPLIST_FILE = "Better-me-iOS/Info.plist";
				INFOPLIST_KEY_NSCameraUsageDescription = "프로필 사진 변경을 위해 카메라 접근 권한이 필요합니다. 허용 하시겠습니까?";
				INFOPLIST_KEY_NSPhotoLibraryUsageDescription = "프로필 사진 변경을 위해 앨범 접근 권한이 필요합니다. 허용 하시겠습니까?";
				INFOPLIST_KEY_UIApplicationSupportsIndirectInputEvents = YES;
				INFOPLIST_KEY_UILaunchStoryboardName = LaunchScreen;
				INFOPLIST_KEY_UIMainStoryboardFile = Main;
				INFOPLIST_KEY_UISupportedInterfaceOrientations_iPad = "UIInterfaceOrientationPortrait UIInterfaceOrientationPortraitUpsideDown UIInterfaceOrientationLandscapeLeft UIInterfaceOrientationLandscapeRight";
				INFOPLIST_KEY_UISupportedInterfaceOrientations_iPhone = "UIInterfaceOrientationPortrait UIInterfaceOrientationLandscapeLeft UIInterfaceOrientationLandscapeRight";
				LD_RUNPATH_SEARCH_PATHS = (
					"$(inherited)",
					"@executable_path/Frameworks",
				);
				MARKETING_VERSION = 1.0;
				PRODUCT_BUNDLE_IDENTIFIER = "com.taewoo.Better-me-iOS";
				PRODUCT_NAME = "$(TARGET_NAME)";
				SWIFT_EMIT_LOC_STRINGS = YES;
				SWIFT_VERSION = 5.0;
				TARGETED_DEVICE_FAMILY = "1,2";
			};
			name = Release;
		};
/* End XCBuildConfiguration section */

/* Begin XCConfigurationList section */
		BECC4B30296C3AB60037807F /* Build configuration list for PBXProject "Better-me-iOS" */ = {
			isa = XCConfigurationList;
			buildConfigurations = (
				BECC4B47296C3AB80037807F /* Debug */,
				BECC4B48296C3AB80037807F /* Release */,
			);
			defaultConfigurationIsVisible = 0;
			defaultConfigurationName = Release;
		};
		BECC4B49296C3AB80037807F /* Build configuration list for PBXNativeTarget "Better-me-iOS" */ = {
			isa = XCConfigurationList;
			buildConfigurations = (
				BECC4B4A296C3AB80037807F /* Debug */,
				BECC4B4B296C3AB80037807F /* Release */,
			);
			defaultConfigurationIsVisible = 0;
			defaultConfigurationName = Release;
		};
/* End XCConfigurationList section */

/* Begin XCRemoteSwiftPackageReference section */
		282C468E299548F4006E1E13 /* XCRemoteSwiftPackageReference "PopupView" */ = {
			isa = XCRemoteSwiftPackageReference;
			repositoryURL = "https://github.com/exyte/PopupView.git";
			requirement = {
				kind = upToNextMajorVersion;
				minimumVersion = 2.0.0;
			};
		};
		28AAB1FB298FC78400B58C12 /* XCRemoteSwiftPackageReference "Alamofire" */ = {
			isa = XCRemoteSwiftPackageReference;
			repositoryURL = "https://github.com/Alamofire/Alamofire";
			requirement = {
				kind = upToNextMajorVersion;
				minimumVersion = 5.0.0;
			};
		};
/* End XCRemoteSwiftPackageReference section */

/* Begin XCSwiftPackageProductDependency section */
		282C468F299548F4006E1E13 /* PopupView */ = {
			isa = XCSwiftPackageProductDependency;
			package = 282C468E299548F4006E1E13 /* XCRemoteSwiftPackageReference "PopupView" */;
			productName = PopupView;
		};
		28AAB1FC298FC78400B58C12 /* Alamofire */ = {
			isa = XCSwiftPackageProductDependency;
			package = 28AAB1FB298FC78400B58C12 /* XCRemoteSwiftPackageReference "Alamofire" */;
			productName = Alamofire;
		};
/* End XCSwiftPackageProductDependency section */
	};
	rootObject = BECC4B2D296C3AB60037807F /* Project object */;
}
