// !$*UTF8*$!
{
	archiveVersion = 1;
	classes = {
	};
	objectVersion = 56;
	objects = {

/* Begin PBXBuildFile section */
		1ADA5F372994DFD900FE90AD /* LoginFirstViewController.swift in Sources */ = {isa = PBXBuildFile; fileRef = 1ADA5F292994DFD900FE90AD /* LoginFirstViewController.swift */; };
		1ADA5F382994DFD900FE90AD /* UIColorExtension.swift in Sources */ = {isa = PBXBuildFile; fileRef = 1ADA5F2A2994DFD900FE90AD /* UIColorExtension.swift */; };
		1ADA5F392994DFD900FE90AD /* JoinViewController.swift in Sources */ = {isa = PBXBuildFile; fileRef = 1ADA5F2B2994DFD900FE90AD /* JoinViewController.swift */; };
		1ADA5F3A2994DFD900FE90AD /* MainViewController.swift in Sources */ = {isa = PBXBuildFile; fileRef = 1ADA5F2C2994DFD900FE90AD /* MainViewController.swift */; };
		1ADA5F3B2994DFD900FE90AD /* passwordFindViewController.swift in Sources */ = {isa = PBXBuildFile; fileRef = 1ADA5F2D2994DFD900FE90AD /* passwordFindViewController.swift */; };
		1ADA5F3C2994DFD900FE90AD /* nicknameViewController.swift in Sources */ = {isa = PBXBuildFile; fileRef = 1ADA5F2E2994DFD900FE90AD /* nicknameViewController.swift */; };
		1ADA5F3D2994DFD900FE90AD /* wordViewController.swift in Sources */ = {isa = PBXBuildFile; fileRef = 1ADA5F2F2994DFD900FE90AD /* wordViewController.swift */; };
		1ADA5F3E2994DFD900FE90AD /* ResponseModel.swift in Sources */ = {isa = PBXBuildFile; fileRef = 1ADA5F312994DFD900FE90AD /* ResponseModel.swift */; };
		1ADA5F3F2994DFD900FE90AD /* LoginModel.swift in Sources */ = {isa = PBXBuildFile; fileRef = 1ADA5F322994DFD900FE90AD /* LoginModel.swift */; };
		1ADA5F402994DFD900FE90AD /* PostDataManager.swift in Sources */ = {isa = PBXBuildFile; fileRef = 1ADA5F332994DFD900FE90AD /* PostDataManager.swift */; };
		1ADA5F412994DFD900FE90AD /* UserDataModel.swift in Sources */ = {isa = PBXBuildFile; fileRef = 1ADA5F342994DFD900FE90AD /* UserDataModel.swift */; };
		1ADA5F422994DFD900FE90AD /* GetUserIdxModel.swift in Sources */ = {isa = PBXBuildFile; fileRef = 1ADA5F352994DFD900FE90AD /* GetUserIdxModel.swift */; };
		1ADA5F432994DFD900FE90AD /* GetMsgDataManager.swift in Sources */ = {isa = PBXBuildFile; fileRef = 1ADA5F362994DFD900FE90AD /* GetMsgDataManager.swift */; };
		280F5E5A2983B25F000A30B3 /* MyPageTableHeaderView.swift in Sources */ = {isa = PBXBuildFile; fileRef = 280F5E552983B25E000A30B3 /* MyPageTableHeaderView.swift */; };
		280F5E5B2983B25F000A30B3 /* MyPageViewController.swift in Sources */ = {isa = PBXBuildFile; fileRef = 280F5E562983B25E000A30B3 /* MyPageViewController.swift */; };
		280F5E5C2983B25F000A30B3 /* MyPageCell.swift in Sources */ = {isa = PBXBuildFile; fileRef = 280F5E572983B25F000A30B3 /* MyPageCell.swift */; };
		280F5E5D2983B25F000A30B3 /* ProfileEditController.swift in Sources */ = {isa = PBXBuildFile; fileRef = 280F5E582983B25F000A30B3 /* ProfileEditController.swift */; };
		280F5E5E2983B25F000A30B3 /* PWEditController.swift in Sources */ = {isa = PBXBuildFile; fileRef = 280F5E592983B25F000A30B3 /* PWEditController.swift */; };
		282C46942997F62A006E1E13 /* ResponseStruct.swift in Sources */ = {isa = PBXBuildFile; fileRef = 282C46932997F62A006E1E13 /* ResponseStruct.swift */; };
		286F6ABC298EBD8C0089936D /* TipsData.swift in Sources */ = {isa = PBXBuildFile; fileRef = 286F6ABB298EBD8C0089936D /* TipsData.swift */; };
		28AAB1FF298FCBF900B58C12 /* UserDataManager.swift in Sources */ = {isa = PBXBuildFile; fileRef = 28AAB1FE298FCBF900B58C12 /* UserDataManager.swift */; };
		28AAB2012992D9CB00B58C12 /* CustomTableCellView.swift in Sources */ = {isa = PBXBuildFile; fileRef = 28AAB2002992D9CB00B58C12 /* CustomTableCellView.swift */; };
		28AAB203299395E800B58C12 /* GoodHabitTipsViewController.swift in Sources */ = {isa = PBXBuildFile; fileRef = 28AAB202299395E800B58C12 /* GoodHabitTipsViewController.swift */; };
		28BFE250298B83A700176731 /* TipsCell.swift in Sources */ = {isa = PBXBuildFile; fileRef = 28BFE24F298B83A700176731 /* TipsCell.swift */; };
		28BFE25A298BA9CF00176731 /* BadHabitTipsViewController.swift in Sources */ = {isa = PBXBuildFile; fileRef = 28BFE259298BA6AA00176731 /* BadHabitTipsViewController.swift */; };
		28E5ABC2299906CE009EB65C /* ProfileImageDataManager.swift in Sources */ = {isa = PBXBuildFile; fileRef = 28E5ABC1299906CE009EB65C /* ProfileImageDataManager.swift */; };
		28EFD4892987AE140092E210 /* MyPageTableFooterView.swift in Sources */ = {isa = PBXBuildFile; fileRef = 28EFD4882987AE140092E210 /* MyPageTableFooterView.swift */; };
		28EFD48B2987B5190092E210 /* FeedBackController.swift in Sources */ = {isa = PBXBuildFile; fileRef = 28EFD48A2987B5190092E210 /* FeedBackController.swift */; };
		28EFD48D298A3ABE0092E210 /* WithdrawalViewController.swift in Sources */ = {isa = PBXBuildFile; fileRef = 28EFD48C298A3ABE0092E210 /* WithdrawalViewController.swift */; };
		28EFD496298AA2FC0092E210 /* PushAlertViewController.swift in Sources */ = {isa = PBXBuildFile; fileRef = 28EFD495298AA2FC0092E210 /* PushAlertViewController.swift */; };
		28EFD498298AAB620092E210 /* AlertTableViewCell.swift in Sources */ = {isa = PBXBuildFile; fileRef = 28EFD497298AAB620092E210 /* AlertTableViewCell.swift */; };
		BE26CD08297805A900E97A05 /* AlertViewController.swift in Sources */ = {isa = PBXBuildFile; fileRef = BE26CD07297805A900E97A05 /* AlertViewController.swift */; };
		BE532E742975A41800DDA6EA /* BadHabitDetailViewController.swift in Sources */ = {isa = PBXBuildFile; fileRef = BE532E732975A41800DDA6EA /* BadHabitDetailViewController.swift */; };
		BE5F4EC2296D8F640064A93C /* RemoveBadHabitViewController.swift in Sources */ = {isa = PBXBuildFile; fileRef = BE5F4EC1296D8F640064A93C /* RemoveBadHabitViewController.swift */; };
		BE5F4EC4296D9E090064A93C /* Quote.swift in Sources */ = {isa = PBXBuildFile; fileRef = BE5F4EC3296D9E080064A93C /* Quote.swift */; };
		BE5F4EC6296E7CC90064A93C /* SearchFriendViewController.swift in Sources */ = {isa = PBXBuildFile; fileRef = BE5F4EC5296E7CC90064A93C /* SearchFriendViewController.swift */; };
		BE6AF7F0296ED4EF00C236F8 /* FriendCell.swift in Sources */ = {isa = PBXBuildFile; fileRef = BE6AF7EF296ED4EF00C236F8 /* FriendCell.swift */; };
		BE6AF7F2296ED62400C236F8 /* Friend.swift in Sources */ = {isa = PBXBuildFile; fileRef = BE6AF7F1296ED62400C236F8 /* Friend.swift */; };
		BE82D333298D191A003EFE44 /* EditViewController.swift in Sources */ = {isa = PBXBuildFile; fileRef = BE82D332298D191A003EFE44 /* EditViewController.swift */; };
		BECC4B39296C3AB60037807F /* AppDelegate.swift in Sources */ = {isa = PBXBuildFile; fileRef = BECC4B38296C3AB60037807F /* AppDelegate.swift */; };
		BECC4B3B296C3AB60037807F /* SceneDelegate.swift in Sources */ = {isa = PBXBuildFile; fileRef = BECC4B3A296C3AB60037807F /* SceneDelegate.swift */; };
		BECC4B3D296C3AB60037807F /* HomeViewController.swift in Sources */ = {isa = PBXBuildFile; fileRef = BECC4B3C296C3AB60037807F /* HomeViewController.swift */; };
		BECC4B40296C3AB60037807F /* Main.storyboard in Resources */ = {isa = PBXBuildFile; fileRef = BECC4B3E296C3AB60037807F /* Main.storyboard */; };
		BECC4B42296C3AB80037807F /* Assets.xcassets in Resources */ = {isa = PBXBuildFile; fileRef = BECC4B41296C3AB80037807F /* Assets.xcassets */; };
		BECC4B45296C3AB80037807F /* LaunchScreen.storyboard in Resources */ = {isa = PBXBuildFile; fileRef = BECC4B43296C3AB80037807F /* LaunchScreen.storyboard */; };
		BECC4B4D296C3E1F0037807F /* AddGoodHabitViewController.swift in Sources */ = {isa = PBXBuildFile; fileRef = BECC4B4C296C3E1F0037807F /* AddGoodHabitViewController.swift */; };
		BECC4B62296C6B010037807F /* EmojiTextField.swift in Sources */ = {isa = PBXBuildFile; fileRef = BECC4B61296C6B010037807F /* EmojiTextField.swift */; };
		BEF940BC29727FC600D0F1FD /* GoodHabitCell.swift in Sources */ = {isa = PBXBuildFile; fileRef = BEF940BB29727FC600D0F1FD /* GoodHabitCell.swift */; };
		BEF940BE2972827900D0F1FD /* Habit.swift in Sources */ = {isa = PBXBuildFile; fileRef = BEF940BD2972827900D0F1FD /* Habit.swift */; };
		BEF940C029753F8500D0F1FD /* GoodHabitDetailViewController.swift in Sources */ = {isa = PBXBuildFile; fileRef = BEF940BF29753F8500D0F1FD /* GoodHabitDetailViewController.swift */; };
		BEF940C2297561FB00D0F1FD /* BadHabitCell.swift in Sources */ = {isa = PBXBuildFile; fileRef = BEF940C1297561FB00D0F1FD /* BadHabitCell.swift */; };
		D9EBCD222E907382D1A2D0FD /* Pods_Better_me_iOS.framework in Frameworks */ = {isa = PBXBuildFile; fileRef = 8A9CB66B1A0BF0FB3839524B /* Pods_Better_me_iOS.framework */; };
/* End PBXBuildFile section */

/* Begin PBXFileReference section */
		06B307C46D7BBE790ECF1FAC /* Pods-Better-me-iOS.release.xcconfig */ = {isa = PBXFileReference; includeInIndex = 1; lastKnownFileType = text.xcconfig; name = "Pods-Better-me-iOS.release.xcconfig"; path = "Target Support Files/Pods-Better-me-iOS/Pods-Better-me-iOS.release.xcconfig"; sourceTree = "<group>"; };
		1ADA5F292994DFD900FE90AD /* LoginFirstViewController.swift */ = {isa = PBXFileReference; fileEncoding = 4; lastKnownFileType = sourcecode.swift; path = LoginFirstViewController.swift; sourceTree = "<group>"; };
		1ADA5F2A2994DFD900FE90AD /* UIColorExtension.swift */ = {isa = PBXFileReference; fileEncoding = 4; lastKnownFileType = sourcecode.swift; path = UIColorExtension.swift; sourceTree = "<group>"; };
		1ADA5F2B2994DFD900FE90AD /* JoinViewController.swift */ = {isa = PBXFileReference; fileEncoding = 4; lastKnownFileType = sourcecode.swift; path = JoinViewController.swift; sourceTree = "<group>"; };
		1ADA5F2C2994DFD900FE90AD /* MainViewController.swift */ = {isa = PBXFileReference; fileEncoding = 4; lastKnownFileType = sourcecode.swift; path = MainViewController.swift; sourceTree = "<group>"; };
		1ADA5F2D2994DFD900FE90AD /* passwordFindViewController.swift */ = {isa = PBXFileReference; fileEncoding = 4; lastKnownFileType = sourcecode.swift; path = passwordFindViewController.swift; sourceTree = "<group>"; };
		1ADA5F2E2994DFD900FE90AD /* nicknameViewController.swift */ = {isa = PBXFileReference; fileEncoding = 4; lastKnownFileType = sourcecode.swift; path = nicknameViewController.swift; sourceTree = "<group>"; };
		1ADA5F2F2994DFD900FE90AD /* wordViewController.swift */ = {isa = PBXFileReference; fileEncoding = 4; lastKnownFileType = sourcecode.swift; path = wordViewController.swift; sourceTree = "<group>"; };
		1ADA5F312994DFD900FE90AD /* ResponseModel.swift */ = {isa = PBXFileReference; fileEncoding = 4; lastKnownFileType = sourcecode.swift; path = ResponseModel.swift; sourceTree = "<group>"; };
		1ADA5F322994DFD900FE90AD /* LoginModel.swift */ = {isa = PBXFileReference; fileEncoding = 4; lastKnownFileType = sourcecode.swift; path = LoginModel.swift; sourceTree = "<group>"; };
		1ADA5F332994DFD900FE90AD /* PostDataManager.swift */ = {isa = PBXFileReference; fileEncoding = 4; lastKnownFileType = sourcecode.swift; path = PostDataManager.swift; sourceTree = "<group>"; };
		1ADA5F342994DFD900FE90AD /* UserDataModel.swift */ = {isa = PBXFileReference; fileEncoding = 4; lastKnownFileType = sourcecode.swift; path = UserDataModel.swift; sourceTree = "<group>"; };
		1ADA5F352994DFD900FE90AD /* GetUserIdxModel.swift */ = {isa = PBXFileReference; fileEncoding = 4; lastKnownFileType = sourcecode.swift; path = GetUserIdxModel.swift; sourceTree = "<group>"; };
		1ADA5F362994DFD900FE90AD /* GetMsgDataManager.swift */ = {isa = PBXFileReference; fileEncoding = 4; lastKnownFileType = sourcecode.swift; path = GetMsgDataManager.swift; sourceTree = "<group>"; };
		280F5E552983B25E000A30B3 /* MyPageTableHeaderView.swift */ = {isa = PBXFileReference; fileEncoding = 4; lastKnownFileType = sourcecode.swift; path = MyPageTableHeaderView.swift; sourceTree = "<group>"; };
		280F5E562983B25E000A30B3 /* MyPageViewController.swift */ = {isa = PBXFileReference; fileEncoding = 4; lastKnownFileType = sourcecode.swift; path = MyPageViewController.swift; sourceTree = "<group>"; };
		280F5E572983B25F000A30B3 /* MyPageCell.swift */ = {isa = PBXFileReference; fileEncoding = 4; lastKnownFileType = sourcecode.swift; path = MyPageCell.swift; sourceTree = "<group>"; };
		280F5E582983B25F000A30B3 /* ProfileEditController.swift */ = {isa = PBXFileReference; fileEncoding = 4; lastKnownFileType = sourcecode.swift; path = ProfileEditController.swift; sourceTree = "<group>"; };
		280F5E592983B25F000A30B3 /* PWEditController.swift */ = {isa = PBXFileReference; fileEncoding = 4; lastKnownFileType = sourcecode.swift; path = PWEditController.swift; sourceTree = "<group>"; };
		282C46932997F62A006E1E13 /* ResponseStruct.swift */ = {isa = PBXFileReference; lastKnownFileType = sourcecode.swift; path = ResponseStruct.swift; sourceTree = "<group>"; };
		286F6ABB298EBD8C0089936D /* TipsData.swift */ = {isa = PBXFileReference; lastKnownFileType = sourcecode.swift; path = TipsData.swift; sourceTree = "<group>"; };
		28AAB1FE298FCBF900B58C12 /* UserDataManager.swift */ = {isa = PBXFileReference; lastKnownFileType = sourcecode.swift; path = UserDataManager.swift; sourceTree = "<group>"; };
		28AAB2002992D9CB00B58C12 /* CustomTableCellView.swift */ = {isa = PBXFileReference; lastKnownFileType = sourcecode.swift; path = CustomTableCellView.swift; sourceTree = "<group>"; };
		28AAB202299395E800B58C12 /* GoodHabitTipsViewController.swift */ = {isa = PBXFileReference; lastKnownFileType = sourcecode.swift; path = GoodHabitTipsViewController.swift; sourceTree = "<group>"; };
		28BFE24F298B83A700176731 /* TipsCell.swift */ = {isa = PBXFileReference; lastKnownFileType = sourcecode.swift; path = TipsCell.swift; sourceTree = "<group>"; };
		28BFE259298BA6AA00176731 /* BadHabitTipsViewController.swift */ = {isa = PBXFileReference; lastKnownFileType = sourcecode.swift; path = BadHabitTipsViewController.swift; sourceTree = "<group>"; };
		28E5ABC1299906CE009EB65C /* ProfileImageDataManager.swift */ = {isa = PBXFileReference; lastKnownFileType = sourcecode.swift; path = ProfileImageDataManager.swift; sourceTree = "<group>"; };
		28EFD4882987AE140092E210 /* MyPageTableFooterView.swift */ = {isa = PBXFileReference; lastKnownFileType = sourcecode.swift; path = MyPageTableFooterView.swift; sourceTree = "<group>"; };
		28EFD48A2987B5190092E210 /* FeedBackController.swift */ = {isa = PBXFileReference; lastKnownFileType = sourcecode.swift; path = FeedBackController.swift; sourceTree = "<group>"; };
		28EFD48C298A3ABE0092E210 /* WithdrawalViewController.swift */ = {isa = PBXFileReference; lastKnownFileType = sourcecode.swift; path = WithdrawalViewController.swift; sourceTree = "<group>"; };
		28EFD490298A9A930092E210 /* Better-me-iOS.entitlements */ = {isa = PBXFileReference; lastKnownFileType = text.plist.entitlements; path = "Better-me-iOS.entitlements"; sourceTree = "<group>"; };
		28EFD491298A9D850092E210 /* first.apn */ = {isa = PBXFileReference; lastKnownFileType = text; path = first.apn; sourceTree = "<group>"; };
		28EFD493298A9FD50092E210 /* second.apn */ = {isa = PBXFileReference; lastKnownFileType = text; path = second.apn; sourceTree = "<group>"; };
		28EFD495298AA2FC0092E210 /* PushAlertViewController.swift */ = {isa = PBXFileReference; lastKnownFileType = sourcecode.swift; path = PushAlertViewController.swift; sourceTree = "<group>"; };
		28EFD497298AAB620092E210 /* AlertTableViewCell.swift */ = {isa = PBXFileReference; lastKnownFileType = sourcecode.swift; path = AlertTableViewCell.swift; sourceTree = "<group>"; };
		6868E3C3CEFCFABB0444CD2D /* Pods-Better-me-iOS.debug.xcconfig */ = {isa = PBXFileReference; includeInIndex = 1; lastKnownFileType = text.xcconfig; name = "Pods-Better-me-iOS.debug.xcconfig"; path = "Target Support Files/Pods-Better-me-iOS/Pods-Better-me-iOS.debug.xcconfig"; sourceTree = "<group>"; };
		8A9CB66B1A0BF0FB3839524B /* Pods_Better_me_iOS.framework */ = {isa = PBXFileReference; explicitFileType = wrapper.framework; includeInIndex = 0; path = Pods_Better_me_iOS.framework; sourceTree = BUILT_PRODUCTS_DIR; };
		BE26CD07297805A900E97A05 /* AlertViewController.swift */ = {isa = PBXFileReference; lastKnownFileType = sourcecode.swift; path = AlertViewController.swift; sourceTree = "<group>"; };
		BE532E732975A41800DDA6EA /* BadHabitDetailViewController.swift */ = {isa = PBXFileReference; lastKnownFileType = sourcecode.swift; path = BadHabitDetailViewController.swift; sourceTree = "<group>"; };
		BE5F4EC1296D8F640064A93C /* RemoveBadHabitViewController.swift */ = {isa = PBXFileReference; lastKnownFileType = sourcecode.swift; path = RemoveBadHabitViewController.swift; sourceTree = "<group>"; };
		BE5F4EC3296D9E080064A93C /* Quote.swift */ = {isa = PBXFileReference; lastKnownFileType = sourcecode.swift; path = Quote.swift; sourceTree = "<group>"; };
		BE5F4EC5296E7CC90064A93C /* SearchFriendViewController.swift */ = {isa = PBXFileReference; lastKnownFileType = sourcecode.swift; path = SearchFriendViewController.swift; sourceTree = "<group>"; };
		BE6AF7EF296ED4EF00C236F8 /* FriendCell.swift */ = {isa = PBXFileReference; lastKnownFileType = sourcecode.swift; path = FriendCell.swift; sourceTree = "<group>"; };
		BE6AF7F1296ED62400C236F8 /* Friend.swift */ = {isa = PBXFileReference; lastKnownFileType = sourcecode.swift; path = Friend.swift; sourceTree = "<group>"; };
		BE82D332298D191A003EFE44 /* EditViewController.swift */ = {isa = PBXFileReference; lastKnownFileType = sourcecode.swift; path = EditViewController.swift; sourceTree = "<group>"; };
		BECC4B35296C3AB60037807F /* Better-me-iOS.app */ = {isa = PBXFileReference; explicitFileType = wrapper.application; includeInIndex = 0; path = "Better-me-iOS.app"; sourceTree = BUILT_PRODUCTS_DIR; };
		BECC4B38296C3AB60037807F /* AppDelegate.swift */ = {isa = PBXFileReference; lastKnownFileType = sourcecode.swift; path = AppDelegate.swift; sourceTree = "<group>"; };
		BECC4B3A296C3AB60037807F /* SceneDelegate.swift */ = {isa = PBXFileReference; lastKnownFileType = sourcecode.swift; path = SceneDelegate.swift; sourceTree = "<group>"; };
		BECC4B3C296C3AB60037807F /* HomeViewController.swift */ = {isa = PBXFileReference; lastKnownFileType = sourcecode.swift; path = HomeViewController.swift; sourceTree = "<group>"; };
		BECC4B3F296C3AB60037807F /* Base */ = {isa = PBXFileReference; lastKnownFileType = file.storyboard; name = Base; path = Base.lproj/Main.storyboard; sourceTree = "<group>"; };
		BECC4B41296C3AB80037807F /* Assets.xcassets */ = {isa = PBXFileReference; lastKnownFileType = folder.assetcatalog; path = Assets.xcassets; sourceTree = "<group>"; };
		BECC4B44296C3AB80037807F /* Base */ = {isa = PBXFileReference; lastKnownFileType = file.storyboard; name = Base; path = Base.lproj/LaunchScreen.storyboard; sourceTree = "<group>"; };
		BECC4B46296C3AB80037807F /* Info.plist */ = {isa = PBXFileReference; lastKnownFileType = text.plist.xml; path = Info.plist; sourceTree = "<group>"; };
		BECC4B4C296C3E1F0037807F /* AddGoodHabitViewController.swift */ = {isa = PBXFileReference; lastKnownFileType = sourcecode.swift; path = AddGoodHabitViewController.swift; sourceTree = "<group>"; };
		BECC4B61296C6B010037807F /* EmojiTextField.swift */ = {isa = PBXFileReference; lastKnownFileType = sourcecode.swift; path = EmojiTextField.swift; sourceTree = "<group>"; };
		BEF940BB29727FC600D0F1FD /* GoodHabitCell.swift */ = {isa = PBXFileReference; lastKnownFileType = sourcecode.swift; path = GoodHabitCell.swift; sourceTree = "<group>"; };
		BEF940BD2972827900D0F1FD /* Habit.swift */ = {isa = PBXFileReference; lastKnownFileType = sourcecode.swift; path = Habit.swift; sourceTree = "<group>"; };
		BEF940BF29753F8500D0F1FD /* GoodHabitDetailViewController.swift */ = {isa = PBXFileReference; lastKnownFileType = sourcecode.swift; path = GoodHabitDetailViewController.swift; sourceTree = "<group>"; };
		BEF940C1297561FB00D0F1FD /* BadHabitCell.swift */ = {isa = PBXFileReference; lastKnownFileType = sourcecode.swift; path = BadHabitCell.swift; sourceTree = "<group>"; };
/* End PBXFileReference section */

/* Begin PBXFrameworksBuildPhase section */
		BECC4B32296C3AB60037807F /* Frameworks */ = {
			isa = PBXFrameworksBuildPhase;
			buildActionMask = 2147483647;
			files = (
				D9EBCD222E907382D1A2D0FD /* Pods_Better_me_iOS.framework in Frameworks */,
			);
			runOnlyForDeploymentPostprocessing = 0;
		};
/* End PBXFrameworksBuildPhase section */

/* Begin PBXGroup section */
		1ADA5F282994DFD900FE90AD /* Login */ = {
			isa = PBXGroup;
			children = (
				1ADA5F292994DFD900FE90AD /* LoginFirstViewController.swift */,
				1ADA5F2A2994DFD900FE90AD /* UIColorExtension.swift */,
				1ADA5F2B2994DFD900FE90AD /* JoinViewController.swift */,
				1ADA5F2C2994DFD900FE90AD /* MainViewController.swift */,
				1ADA5F2D2994DFD900FE90AD /* passwordFindViewController.swift */,
				1ADA5F2E2994DFD900FE90AD /* nicknameViewController.swift */,
				1ADA5F2F2994DFD900FE90AD /* wordViewController.swift */,
				1ADA5F302994DFD900FE90AD /* DataModel */,
			);
			path = Login;
			sourceTree = "<group>";
		};
		1ADA5F302994DFD900FE90AD /* DataModel */ = {
			isa = PBXGroup;
			children = (
				1ADA5F312994DFD900FE90AD /* ResponseModel.swift */,
				1ADA5F322994DFD900FE90AD /* LoginModel.swift */,
				1ADA5F332994DFD900FE90AD /* PostDataManager.swift */,
				1ADA5F342994DFD900FE90AD /* UserDataModel.swift */,
				1ADA5F352994DFD900FE90AD /* GetUserIdxModel.swift */,
				1ADA5F362994DFD900FE90AD /* GetMsgDataManager.swift */,
			);
			path = DataModel;
			sourceTree = "<group>";
		};
		280F5E542983B23A000A30B3 /* MyPage */ = {
			isa = PBXGroup;
			children = (
				280F5E562983B25E000A30B3 /* MyPageViewController.swift */,
				28E5ABC1299906CE009EB65C /* ProfileImageDataManager.swift */,
				282C46932997F62A006E1E13 /* ResponseStruct.swift */,
				28AAB1FE298FCBF900B58C12 /* UserDataManager.swift */,
				28BFE253298BA58000176731 /* MypageTableView */,
				28BFE255298BA5FE00176731 /* HabitTips */,
				280F5E582983B25F000A30B3 /* ProfileEditController.swift */,
				280F5E592983B25F000A30B3 /* PWEditController.swift */,
				28EFD48A2987B5190092E210 /* FeedBackController.swift */,
				28EFD48C298A3ABE0092E210 /* WithdrawalViewController.swift */,
				28BFE254298BA5CC00176731 /* PushAlert */,
				28EFD493298A9FD50092E210 /* second.apn */,
				28EFD491298A9D850092E210 /* first.apn */,
			);
			path = MyPage;
			sourceTree = "<group>";
		};
		28BFE253298BA58000176731 /* MypageTableView */ = {
			isa = PBXGroup;
			children = (
				280F5E552983B25E000A30B3 /* MyPageTableHeaderView.swift */,
				280F5E572983B25F000A30B3 /* MyPageCell.swift */,
				28EFD4882987AE140092E210 /* MyPageTableFooterView.swift */,
			);
			path = MypageTableView;
			sourceTree = "<group>";
		};
		28BFE254298BA5CC00176731 /* PushAlert */ = {
			isa = PBXGroup;
			children = (
				28EFD495298AA2FC0092E210 /* PushAlertViewController.swift */,
				28EFD497298AAB620092E210 /* AlertTableViewCell.swift */,
			);
			path = PushAlert;
			sourceTree = "<group>";
		};
		28BFE255298BA5FE00176731 /* HabitTips */ = {
			isa = PBXGroup;
			children = (
				28AAB2002992D9CB00B58C12 /* CustomTableCellView.swift */,
				286F6ABB298EBD8C0089936D /* TipsData.swift */,
				28BFE24F298B83A700176731 /* TipsCell.swift */,
				28AAB202299395E800B58C12 /* GoodHabitTipsViewController.swift */,
				28BFE259298BA6AA00176731 /* BadHabitTipsViewController.swift */,
			);
			path = HabitTips;
			sourceTree = "<group>";
		};
		BECC4B2C296C3AB60037807F = {
			isa = PBXGroup;
			children = (
				BECC4B37296C3AB60037807F /* Better-me-iOS */,
				BECC4B36296C3AB60037807F /* Products */,
				E64412815AF12B933831F217 /* Pods */,
				D1D6417B6D6B9C4E0EFC0DB9 /* Frameworks */,
			);
			sourceTree = "<group>";
		};
		BECC4B36296C3AB60037807F /* Products */ = {
			isa = PBXGroup;
			children = (
				BECC4B35296C3AB60037807F /* Better-me-iOS.app */,
			);
			name = Products;
			sourceTree = "<group>";
		};
		BECC4B37296C3AB60037807F /* Better-me-iOS */ = {
			isa = PBXGroup;
			children = (
				1ADA5F282994DFD900FE90AD /* Login */,
				28EFD490298A9A930092E210 /* Better-me-iOS.entitlements */,
				BECC4B38296C3AB60037807F /* AppDelegate.swift */,
				BECC4B3A296C3AB60037807F /* SceneDelegate.swift */,
				BECC4B3C296C3AB60037807F /* HomeViewController.swift */,
				BECC4B3E296C3AB60037807F /* Main.storyboard */,
				BECC4B41296C3AB80037807F /* Assets.xcassets */,
				BECC4B43296C3AB80037807F /* LaunchScreen.storyboard */,
				BECC4B46296C3AB80037807F /* Info.plist */,
				BECC4B4C296C3E1F0037807F /* AddGoodHabitViewController.swift */,
				BEF940BF29753F8500D0F1FD /* GoodHabitDetailViewController.swift */,
				BE5F4EC1296D8F640064A93C /* RemoveBadHabitViewController.swift */,
				BE532E732975A41800DDA6EA /* BadHabitDetailViewController.swift */,
				BE5F4EC5296E7CC90064A93C /* SearchFriendViewController.swift */,
				BECC4B61296C6B010037807F /* EmojiTextField.swift */,
				BE6AF7EF296ED4EF00C236F8 /* FriendCell.swift */,
				BE6AF7F1296ED62400C236F8 /* Friend.swift */,
				BE5F4EC3296D9E080064A93C /* Quote.swift */,
				BEF940BB29727FC600D0F1FD /* GoodHabitCell.swift */,
				BEF940BD2972827900D0F1FD /* Habit.swift */,
				BEF940C1297561FB00D0F1FD /* BadHabitCell.swift */,
				BE26CD07297805A900E97A05 /* AlertViewController.swift */,
				BE82D332298D191A003EFE44 /* EditViewController.swift */,
				280F5E542983B23A000A30B3 /* MyPage */,
			);
			path = "Better-me-iOS";
			sourceTree = "<group>";
		};
		D1D6417B6D6B9C4E0EFC0DB9 /* Frameworks */ = {
			isa = PBXGroup;
			children = (
				8A9CB66B1A0BF0FB3839524B /* Pods_Better_me_iOS.framework */,
			);
			name = Frameworks;
			sourceTree = "<group>";
		};
		E64412815AF12B933831F217 /* Pods */ = {
			isa = PBXGroup;
			children = (
				6868E3C3CEFCFABB0444CD2D /* Pods-Better-me-iOS.debug.xcconfig */,
				06B307C46D7BBE790ECF1FAC /* Pods-Better-me-iOS.release.xcconfig */,
			);
			path = Pods;
			sourceTree = "<group>";
		};
/* End PBXGroup section */

/* Begin PBXNativeTarget section */
		BECC4B34296C3AB60037807F /* Better-me-iOS */ = {
			isa = PBXNativeTarget;
			buildConfigurationList = BECC4B49296C3AB80037807F /* Build configuration list for PBXNativeTarget "Better-me-iOS" */;
			buildPhases = (
				ADA67A91C94D266823103EBE /* [CP] Check Pods Manifest.lock */,
				BECC4B31296C3AB60037807F /* Sources */,
				BECC4B32296C3AB60037807F /* Frameworks */,
				BECC4B33296C3AB60037807F /* Resources */,
				900A6873AD64F1C771BEB467 /* [CP] Embed Pods Frameworks */,
			);
			buildRules = (
			);
			dependencies = (
			);
			name = "Better-me-iOS";
			packageProductDependencies = (
			);
			productName = "Better-me-iOS";
			productReference = BECC4B35296C3AB60037807F /* Better-me-iOS.app */;
			productType = "com.apple.product-type.application";
		};
/* End PBXNativeTarget section */

/* Begin PBXProject section */
		BECC4B2D296C3AB60037807F /* Project object */ = {
			isa = PBXProject;
			attributes = {
				BuildIndependentTargetsInParallel = 1;
				LastSwiftUpdateCheck = 1420;
				LastUpgradeCheck = 1420;
				TargetAttributes = {
					BECC4B34296C3AB60037807F = {
						CreatedOnToolsVersion = 14.2;
					};
				};
			};
			buildConfigurationList = BECC4B30296C3AB60037807F /* Build configuration list for PBXProject "Better-me-iOS" */;
			compatibilityVersion = "Xcode 14.0";
			developmentRegion = en;
			hasScannedForEncodings = 0;
			knownRegions = (
				en,
				Base,
			);
			mainGroup = BECC4B2C296C3AB60037807F;
			packageReferences = (
			);
			productRefGroup = BECC4B36296C3AB60037807F /* Products */;
			projectDirPath = "";
			projectRoot = "";
			targets = (
				BECC4B34296C3AB60037807F /* Better-me-iOS */,
			);
		};
/* End PBXProject section */

/* Begin PBXResourcesBuildPhase section */
		BECC4B33296C3AB60037807F /* Resources */ = {
			isa = PBXResourcesBuildPhase;
			buildActionMask = 2147483647;
			files = (
				BECC4B45296C3AB80037807F /* LaunchScreen.storyboard in Resources */,
				BECC4B42296C3AB80037807F /* Assets.xcassets in Resources */,
				BECC4B40296C3AB60037807F /* Main.storyboard in Resources */,
			);
			runOnlyForDeploymentPostprocessing = 0;
		};
/* End PBXResourcesBuildPhase section */

/* Begin PBXShellScriptBuildPhase section */
		900A6873AD64F1C771BEB467 /* [CP] Embed Pods Frameworks */ = {
			isa = PBXShellScriptBuildPhase;
			buildActionMask = 2147483647;
			files = (
			);
			inputFileListPaths = (
				"${PODS_ROOT}/Target Support Files/Pods-Better-me-iOS/Pods-Better-me-iOS-frameworks-${CONFIGURATION}-input-files.xcfilelist",
			);
			name = "[CP] Embed Pods Frameworks";
			outputFileListPaths = (
				"${PODS_ROOT}/Target Support Files/Pods-Better-me-iOS/Pods-Better-me-iOS-frameworks-${CONFIGURATION}-output-files.xcfilelist",
			);
			runOnlyForDeploymentPostprocessing = 0;
			shellPath = /bin/sh;
			shellScript = "\"${PODS_ROOT}/Target Support Files/Pods-Better-me-iOS/Pods-Better-me-iOS-frameworks.sh\"\n";
			showEnvVarsInLog = 0;
		};
		ADA67A91C94D266823103EBE /* [CP] Check Pods Manifest.lock */ = {
			isa = PBXShellScriptBuildPhase;
			buildActionMask = 2147483647;
			files = (
			);
			inputFileListPaths = (
			);
			inputPaths = (
				"${PODS_PODFILE_DIR_PATH}/Podfile.lock",
				"${PODS_ROOT}/Manifest.lock",
			);
			name = "[CP] Check Pods Manifest.lock";
			outputFileListPaths = (
			);
			outputPaths = (
				"$(DERIVED_FILE_DIR)/Pods-Better-me-iOS-checkManifestLockResult.txt",
			);
			runOnlyForDeploymentPostprocessing = 0;
			shellPath = /bin/sh;
			shellScript = "diff \"${PODS_PODFILE_DIR_PATH}/Podfile.lock\" \"${PODS_ROOT}/Manifest.lock\" > /dev/null\nif [ $? != 0 ] ; then\n    # print error to STDERR\n    echo \"error: The sandbox is not in sync with the Podfile.lock. Run 'pod install' or update your CocoaPods installation.\" >&2\n    exit 1\nfi\n# This output is used by Xcode 'outputs' to avoid re-running this script phase.\necho \"SUCCESS\" > \"${SCRIPT_OUTPUT_FILE_0}\"\n";
			showEnvVarsInLog = 0;
		};
/* End PBXShellScriptBuildPhase section */

/* Begin PBXSourcesBuildPhase section */
		BECC4B31296C3AB60037807F /* Sources */ = {
			isa = PBXSourcesBuildPhase;
			buildActionMask = 2147483647;
			files = (
				28EFD498298AAB620092E210 /* AlertTableViewCell.swift in Sources */,
				28E5ABC2299906CE009EB65C /* ProfileImageDataManager.swift in Sources */,
				1ADA5F3F2994DFD900FE90AD /* LoginModel.swift in Sources */,
				BE5F4EC6296E7CC90064A93C /* SearchFriendViewController.swift in Sources */,
				28BFE25A298BA9CF00176731 /* BadHabitTipsViewController.swift in Sources */,
				28BFE250298B83A700176731 /* TipsCell.swift in Sources */,
				280F5E5E2983B25F000A30B3 /* PWEditController.swift in Sources */,
				280F5E5B2983B25F000A30B3 /* MyPageViewController.swift in Sources */,
				280F5E5C2983B25F000A30B3 /* MyPageCell.swift in Sources */,
				1ADA5F402994DFD900FE90AD /* PostDataManager.swift in Sources */,
				BEF940C029753F8500D0F1FD /* GoodHabitDetailViewController.swift in Sources */,
				28AAB1FF298FCBF900B58C12 /* UserDataManager.swift in Sources */,
				28AAB203299395E800B58C12 /* GoodHabitTipsViewController.swift in Sources */,
				1ADA5F432994DFD900FE90AD /* GetMsgDataManager.swift in Sources */,
				BECC4B4D296C3E1F0037807F /* AddGoodHabitViewController.swift in Sources */,
				28AAB2012992D9CB00B58C12 /* CustomTableCellView.swift in Sources */,
				280F5E5D2983B25F000A30B3 /* ProfileEditController.swift in Sources */,
				1ADA5F372994DFD900FE90AD /* LoginFirstViewController.swift in Sources */,
				28EFD48D298A3ABE0092E210 /* WithdrawalViewController.swift in Sources */,
				BECC4B3D296C3AB60037807F /* HomeViewController.swift in Sources */,
				BE26CD08297805A900E97A05 /* AlertViewController.swift in Sources */,
				BECC4B39296C3AB60037807F /* AppDelegate.swift in Sources */,
				1ADA5F412994DFD900FE90AD /* UserDataModel.swift in Sources */,
				280F5E5A2983B25F000A30B3 /* MyPageTableHeaderView.swift in Sources */,
				BEF940BC29727FC600D0F1FD /* GoodHabitCell.swift in Sources */,
				1ADA5F3C2994DFD900FE90AD /* nicknameViewController.swift in Sources */,
				1ADA5F3B2994DFD900FE90AD /* passwordFindViewController.swift in Sources */,
				BE6AF7F0296ED4EF00C236F8 /* FriendCell.swift in Sources */,
				1ADA5F422994DFD900FE90AD /* GetUserIdxModel.swift in Sources */,
				1ADA5F3A2994DFD900FE90AD /* MainViewController.swift in Sources */,
				28EFD496298AA2FC0092E210 /* PushAlertViewController.swift in Sources */,
				1ADA5F392994DFD900FE90AD /* JoinViewController.swift in Sources */,
				1ADA5F382994DFD900FE90AD /* UIColorExtension.swift in Sources */,
				BEF940BE2972827900D0F1FD /* Habit.swift in Sources */,
				BE5F4EC2296D8F640064A93C /* RemoveBadHabitViewController.swift in Sources */,
				BECC4B3B296C3AB60037807F /* SceneDelegate.swift in Sources */,
				1ADA5F3E2994DFD900FE90AD /* ResponseModel.swift in Sources */,
				1ADA5F3D2994DFD900FE90AD /* wordViewController.swift in Sources */,
				BEF940C2297561FB00D0F1FD /* BadHabitCell.swift in Sources */,
				282C46942997F62A006E1E13 /* ResponseStruct.swift in Sources */,
				BE6AF7F2296ED62400C236F8 /* Friend.swift in Sources */,
				BE5F4EC4296D9E090064A93C /* Quote.swift in Sources */,
				28EFD4892987AE140092E210 /* MyPageTableFooterView.swift in Sources */,
				BE532E742975A41800DDA6EA /* BadHabitDetailViewController.swift in Sources */,
				BE82D333298D191A003EFE44 /* EditViewController.swift in Sources */,
				28EFD48B2987B5190092E210 /* FeedBackController.swift in Sources */,
				286F6ABC298EBD8C0089936D /* TipsData.swift in Sources */,
				BECC4B62296C6B010037807F /* EmojiTextField.swift in Sources */,
			);
			runOnlyForDeploymentPostprocessing = 0;
		};
/* End PBXSourcesBuildPhase section */

/* Begin PBXVariantGroup section */
		BECC4B3E296C3AB60037807F /* Main.storyboard */ = {
			isa = PBXVariantGroup;
			children = (
				BECC4B3F296C3AB60037807F /* Base */,
			);
			name = Main.storyboard;
			sourceTree = "<group>";
		};
		BECC4B43296C3AB80037807F /* LaunchScreen.storyboard */ = {
			isa = PBXVariantGroup;
			children = (
				BECC4B44296C3AB80037807F /* Base */,
			);
			name = LaunchScreen.storyboard;
			sourceTree = "<group>";
		};
/* End PBXVariantGroup section */

/* Begin XCBuildConfiguration section */
		BECC4B47296C3AB80037807F /* Debug */ = {
			isa = XCBuildConfiguration;
			buildSettings = {
				ALWAYS_SEARCH_USER_PATHS = NO;
				CLANG_ANALYZER_NONNULL = YES;
				CLANG_ANALYZER_NUMBER_OBJECT_CONVERSION = YES_AGGRESSIVE;
				CLANG_CXX_LANGUAGE_STANDARD = "gnu++20";
				CLANG_ENABLE_MODULES = YES;
				CLANG_ENABLE_OBJC_ARC = YES;
				CLANG_ENABLE_OBJC_WEAK = YES;
				CLANG_WARN_BLOCK_CAPTURE_AUTORELEASING = YES;
				CLANG_WARN_BOOL_CONVERSION = YES;
				CLANG_WARN_COMMA = YES;
				CLANG_WARN_CONSTANT_CONVERSION = YES;
				CLANG_WARN_DEPRECATED_OBJC_IMPLEMENTATIONS = YES;
				CLANG_WARN_DIRECT_OBJC_ISA_USAGE = YES_ERROR;
				CLANG_WARN_DOCUMENTATION_COMMENTS = YES;
				CLANG_WARN_EMPTY_BODY = YES;
				CLANG_WARN_ENUM_CONVERSION = YES;
				CLANG_WARN_INFINITE_RECURSION = YES;
				CLANG_WARN_INT_CONVERSION = YES;
				CLANG_WARN_NON_LITERAL_NULL_CONVERSION = YES;
				CLANG_WARN_OBJC_IMPLICIT_RETAIN_SELF = YES;
				CLANG_WARN_OBJC_LITERAL_CONVERSION = YES;
				CLANG_WARN_OBJC_ROOT_CLASS = YES_ERROR;
				CLANG_WARN_QUOTED_INCLUDE_IN_FRAMEWORK_HEADER = YES;
				CLANG_WARN_RANGE_LOOP_ANALYSIS = YES;
				CLANG_WARN_STRICT_PROTOTYPES = YES;
				CLANG_WARN_SUSPICIOUS_MOVE = YES;
				CLANG_WARN_UNGUARDED_AVAILABILITY = YES_AGGRESSIVE;
				CLANG_WARN_UNREACHABLE_CODE = YES;
				CLANG_WARN__DUPLICATE_METHOD_MATCH = YES;
				COPY_PHASE_STRIP = NO;
				DEBUG_INFORMATION_FORMAT = dwarf;
				ENABLE_STRICT_OBJC_MSGSEND = YES;
				ENABLE_TESTABILITY = YES;
				GCC_C_LANGUAGE_STANDARD = gnu11;
				GCC_DYNAMIC_NO_PIC = NO;
				GCC_NO_COMMON_BLOCKS = YES;
				GCC_OPTIMIZATION_LEVEL = 0;
				GCC_PREPROCESSOR_DEFINITIONS = (
					"DEBUG=1",
					"$(inherited)",
				);
				GCC_WARN_64_TO_32_BIT_CONVERSION = YES;
				GCC_WARN_ABOUT_RETURN_TYPE = YES_ERROR;
				GCC_WARN_UNDECLARED_SELECTOR = YES;
				GCC_WARN_UNINITIALIZED_AUTOS = YES_AGGRESSIVE;
				GCC_WARN_UNUSED_FUNCTION = YES;
				GCC_WARN_UNUSED_VARIABLE = YES;
				IPHONEOS_DEPLOYMENT_TARGET = 16.2;
				MTL_ENABLE_DEBUG_INFO = INCLUDE_SOURCE;
				MTL_FAST_MATH = YES;
				ONLY_ACTIVE_ARCH = YES;
				SDKROOT = iphoneos;
				SWIFT_ACTIVE_COMPILATION_CONDITIONS = DEBUG;
				SWIFT_OPTIMIZATION_LEVEL = "-Onone";
			};
			name = Debug;
		};
		BECC4B48296C3AB80037807F /* Release */ = {
			isa = XCBuildConfiguration;
			buildSettings = {
				ALWAYS_SEARCH_USER_PATHS = NO;
				CLANG_ANALYZER_NONNULL = YES;
				CLANG_ANALYZER_NUMBER_OBJECT_CONVERSION = YES_AGGRESSIVE;
				CLANG_CXX_LANGUAGE_STANDARD = "gnu++20";
				CLANG_ENABLE_MODULES = YES;
				CLANG_ENABLE_OBJC_ARC = YES;
				CLANG_ENABLE_OBJC_WEAK = YES;
				CLANG_WARN_BLOCK_CAPTURE_AUTORELEASING = YES;
				CLANG_WARN_BOOL_CONVERSION = YES;
				CLANG_WARN_COMMA = YES;
				CLANG_WARN_CONSTANT_CONVERSION = YES;
				CLANG_WARN_DEPRECATED_OBJC_IMPLEMENTATIONS = YES;
				CLANG_WARN_DIRECT_OBJC_ISA_USAGE = YES_ERROR;
				CLANG_WARN_DOCUMENTATION_COMMENTS = YES;
				CLANG_WARN_EMPTY_BODY = YES;
				CLANG_WARN_ENUM_CONVERSION = YES;
				CLANG_WARN_INFINITE_RECURSION = YES;
				CLANG_WARN_INT_CONVERSION = YES;
				CLANG_WARN_NON_LITERAL_NULL_CONVERSION = YES;
				CLANG_WARN_OBJC_IMPLICIT_RETAIN_SELF = YES;
				CLANG_WARN_OBJC_LITERAL_CONVERSION = YES;
				CLANG_WARN_OBJC_ROOT_CLASS = YES_ERROR;
				CLANG_WARN_QUOTED_INCLUDE_IN_FRAMEWORK_HEADER = YES;
				CLANG_WARN_RANGE_LOOP_ANALYSIS = YES;
				CLANG_WARN_STRICT_PROTOTYPES = YES;
				CLANG_WARN_SUSPICIOUS_MOVE = YES;
				CLANG_WARN_UNGUARDED_AVAILABILITY = YES_AGGRESSIVE;
				CLANG_WARN_UNREACHABLE_CODE = YES;
				CLANG_WARN__DUPLICATE_METHOD_MATCH = YES;
				COPY_PHASE_STRIP = NO;
				DEBUG_INFORMATION_FORMAT = "dwarf-with-dsym";
				ENABLE_NS_ASSERTIONS = NO;
				ENABLE_STRICT_OBJC_MSGSEND = YES;
				GCC_C_LANGUAGE_STANDARD = gnu11;
				GCC_NO_COMMON_BLOCKS = YES;
				GCC_WARN_64_TO_32_BIT_CONVERSION = YES;
				GCC_WARN_ABOUT_RETURN_TYPE = YES_ERROR;
				GCC_WARN_UNDECLARED_SELECTOR = YES;
				GCC_WARN_UNINITIALIZED_AUTOS = YES_AGGRESSIVE;
				GCC_WARN_UNUSED_FUNCTION = YES;
				GCC_WARN_UNUSED_VARIABLE = YES;
				IPHONEOS_DEPLOYMENT_TARGET = 16.2;
				MTL_ENABLE_DEBUG_INFO = NO;
				MTL_FAST_MATH = YES;
				SDKROOT = iphoneos;
				SWIFT_COMPILATION_MODE = wholemodule;
				SWIFT_OPTIMIZATION_LEVEL = "-O";
				VALIDATE_PRODUCT = YES;
			};
			name = Release;
		};
		BECC4B4A296C3AB80037807F /* Debug */ = {
			isa = XCBuildConfiguration;
			baseConfigurationReference = 6868E3C3CEFCFABB0444CD2D /* Pods-Better-me-iOS.debug.xcconfig */;
			buildSettings = {
				ASSETCATALOG_COMPILER_APPICON_NAME = AppIcon;
				ASSETCATALOG_COMPILER_GLOBAL_ACCENT_COLOR_NAME = AccentColor;
				CODE_SIGN_ENTITLEMENTS = "Better-me-iOS/Better-me-iOS.entitlements";
				CODE_SIGN_STYLE = Automatic;
				CURRENT_PROJECT_VERSION = 1;
				DEVELOPMENT_TEAM = "";
				GENERATE_INFOPLIST_FILE = YES;
				INFOPLIST_FILE = "Better-me-iOS/Info.plist";
				INFOPLIST_KEY_NSCameraUsageDescription = "프로필 사진 변경을 위해 카메라 접근 권한이 필요합니다. 허용 하시겠습니까?";
				INFOPLIST_KEY_NSPhotoLibraryUsageDescription = "프로필 사진 변경을 위해 앨범 접근 권한이 필요합니다. 허용 하시겠습니까?";
				INFOPLIST_KEY_UIApplicationSupportsIndirectInputEvents = YES;
				INFOPLIST_KEY_UILaunchStoryboardName = LaunchScreen;
				INFOPLIST_KEY_UIMainStoryboardFile = Main;
				INFOPLIST_KEY_UISupportedInterfaceOrientations_iPad = "UIInterfaceOrientationPortrait UIInterfaceOrientationPortraitUpsideDown UIInterfaceOrientationLandscapeLeft UIInterfaceOrientationLandscapeRight";
				INFOPLIST_KEY_UISupportedInterfaceOrientations_iPhone = "UIInterfaceOrientationPortrait UIInterfaceOrientationLandscapeLeft UIInterfaceOrientationLandscapeRight";
				LD_RUNPATH_SEARCH_PATHS = (
					"$(inherited)",
					"@executable_path/Frameworks",
				);
				MARKETING_VERSION = 1.0;
				PRODUCT_BUNDLE_IDENTIFIER = "com.taewoo.Better-me-iOS";
				PRODUCT_NAME = "$(TARGET_NAME)";
				SWIFT_EMIT_LOC_STRINGS = YES;
				SWIFT_VERSION = 5.0;
				TARGETED_DEVICE_FAMILY = "1,2";
			};
			name = Debug;
		};
		BECC4B4B296C3AB80037807F /* Release */ = {
			isa = XCBuildConfiguration;
			baseConfigurationReference = 06B307C46D7BBE790ECF1FAC /* Pods-Better-me-iOS.release.xcconfig */;
			buildSettings = {
				ASSETCATALOG_COMPILER_APPICON_NAME = AppIcon;
				ASSETCATALOG_COMPILER_GLOBAL_ACCENT_COLOR_NAME = AccentColor;
				CODE_SIGN_ENTITLEMENTS = "Better-me-iOS/Better-me-iOS.entitlements";
				CODE_SIGN_STYLE = Automatic;
				CURRENT_PROJECT_VERSION = 1;
				DEVELOPMENT_TEAM = 9S44MNK86W;
				GENERATE_INFOPLIST_FILE = YES;
				INFOPLIST_FILE = "Better-me-iOS/Info.plist";
				INFOPLIST_KEY_NSCameraUsageDescription = "프로필 사진 변경을 위해 카메라 접근 권한이 필요합니다. 허용 하시겠습니까?";
				INFOPLIST_KEY_NSPhotoLibraryUsageDescription = "프로필 사진 변경을 위해 앨범 접근 권한이 필요합니다. 허용 하시겠습니까?";
				INFOPLIST_KEY_UIApplicationSupportsIndirectInputEvents = YES;
				INFOPLIST_KEY_UILaunchStoryboardName = LaunchScreen;
				INFOPLIST_KEY_UIMainStoryboardFile = Main;
				INFOPLIST_KEY_UISupportedInterfaceOrientations_iPad = "UIInterfaceOrientationPortrait UIInterfaceOrientationPortraitUpsideDown UIInterfaceOrientationLandscapeLeft UIInterfaceOrientationLandscapeRight";
				INFOPLIST_KEY_UISupportedInterfaceOrientations_iPhone = "UIInterfaceOrientationPortrait UIInterfaceOrientationLandscapeLeft UIInterfaceOrientationLandscapeRight";
				LD_RUNPATH_SEARCH_PATHS = (
					"$(inherited)",
					"@executable_path/Frameworks",
				);
				MARKETING_VERSION = 1.0;
				PRODUCT_BUNDLE_IDENTIFIER = "com.taewoo.Better-me-iOS";
				PRODUCT_NAME = "$(TARGET_NAME)";
				SWIFT_EMIT_LOC_STRINGS = YES;
				SWIFT_VERSION = 5.0;
				TARGETED_DEVICE_FAMILY = "1,2";
			};
			name = Release;
		};
/* End XCBuildConfiguration section */

/* Begin XCConfigurationList section */
		BECC4B30296C3AB60037807F /* Build configuration list for PBXProject "Better-me-iOS" */ = {
			isa = XCConfigurationList;
			buildConfigurations = (
				BECC4B47296C3AB80037807F /* Debug */,
				BECC4B48296C3AB80037807F /* Release */,
			);
			defaultConfigurationIsVisible = 0;
			defaultConfigurationName = Release;
		};
		BECC4B49296C3AB80037807F /* Build configuration list for PBXNativeTarget "Better-me-iOS" */ = {
			isa = XCConfigurationList;
			buildConfigurations = (
				BECC4B4A296C3AB80037807F /* Debug */,
				BECC4B4B296C3AB80037807F /* Release */,
			);
			defaultConfigurationIsVisible = 0;
			defaultConfigurationName = Release;
		};
/* End XCConfigurationList section */
	};
	rootObject = BECC4B2D296C3AB60037807F /* Project object */;
}
